// !$*UTF8*$!
{
	archiveVersion = 1;
	classes = {
	};
	objectVersion = 46;
	objects = {

/* Begin PBXBuildFile section */
		718C262C19B73FEC00B19A36 /* Analytics in Frameworks */ = {isa = PBXBuildFile; fileRef = 718C25A819B73FEC00B19A36 /* Analytics */; };
		B31B6D5215C13D5200854074 /* Foundation.framework in Frameworks */ = {isa = PBXBuildFile; fileRef = B31B6D5115C13D5200854074 /* Foundation.framework */; };
		B31B6D6F15C1467100854074 /* CoreFoundation.framework in Frameworks */ = {isa = PBXBuildFile; fileRef = B31B6D6E15C1467100854074 /* CoreFoundation.framework */; };
		B37C3A5D162717A200B50A60 /* ForgeCore.framework in Frameworks */ = {isa = PBXBuildFile; fileRef = B37C3A5C162717A200B50A60 /* ForgeCore.framework */; };
		B3CC61F21716ECB500A1A8EF /* segmentio_API.m in Sources */ = {isa = PBXBuildFile; fileRef = B3CC61F01716ECB500A1A8EF /* segmentio_API.m */; };
		B3CC61F41716ECBB00A1A8EF /* segmentio_EventListener.m in Sources */ = {isa = PBXBuildFile; fileRef = B3CC61F31716ECBB00A1A8EF /* segmentio_EventListener.m */; };
		B3FC51F815C151E5003574D9 /* UIKit.framework in Frameworks */ = {isa = PBXBuildFile; fileRef = B3FC51F715C151E5003574D9 /* UIKit.framework */; };
		B3FC51FF15C1523D003574D9 /* CoreGraphics.framework in Frameworks */ = {isa = PBXBuildFile; fileRef = B3FC51FE15C1523D003574D9 /* CoreGraphics.framework */; };
		B3FC524215C177EA003574D9 /* AssetsLibrary.framework in Frameworks */ = {isa = PBXBuildFile; fileRef = B3FC524115C177EA003574D9 /* AssetsLibrary.framework */; };
		B3FC524815C17B2C003574D9 /* SystemConfiguration.framework in Frameworks */ = {isa = PBXBuildFile; fileRef = B3FC524715C17B2C003574D9 /* SystemConfiguration.framework */; };
/* End PBXBuildFile section */

/* Begin PBXFileReference section */
		718C25A819B73FEC00B19A36 /* Analytics */ = {isa = PBXFileReference; lastKnownFileType = archive.ar; name = Analytics; path = Analytics.framework/Versions/A/Analytics; sourceTree = "<group>"; };
		71F07A841A077FA700322334 /* _MPTweakBindObserver.h */ = {isa = PBXFileReference; lastKnownFileType = sourcecode.c.h; path = _MPTweakBindObserver.h; sourceTree = "<group>"; };
		71F07A851A077FA700322334 /* Amplitude.h */ = {isa = PBXFileReference; lastKnownFileType = sourcecode.c.h; path = Amplitude.h; sourceTree = "<group>"; };
		71F07A861A077FA700322334 /* AmplitudeARCMacros.h */ = {isa = PBXFileReference; lastKnownFileType = sourcecode.c.h; path = AmplitudeARCMacros.h; sourceTree = "<group>"; };
		71F07A871A077FA700322334 /* AmplitudeLocationManagerDelegate.h */ = {isa = PBXFileReference; lastKnownFileType = sourcecode.c.h; path = AmplitudeLocationManagerDelegate.h; sourceTree = "<group>"; };
		71F07A881A077FA700322334 /* Analytics.h */ = {isa = PBXFileReference; lastKnownFileType = sourcecode.c.h; path = Analytics.h; sourceTree = "<group>"; };
		71F07A891A077FA700322334 /* AppsFlyerTracker.h */ = {isa = PBXFileReference; lastKnownFileType = sourcecode.c.h; path = AppsFlyerTracker.h; sourceTree = "<group>"; };
		71F07A8A1A077FA700322334 /* Bugsnag.h */ = {isa = PBXFileReference; lastKnownFileType = sourcecode.c.h; path = Bugsnag.h; sourceTree = "<group>"; };
		71F07A8B1A077FA700322334 /* BugsnagConfiguration.h */ = {isa = PBXFileReference; lastKnownFileType = sourcecode.c.h; path = BugsnagConfiguration.h; sourceTree = "<group>"; };
		71F07A8C1A077FA700322334 /* BugsnagDictionary.h */ = {isa = PBXFileReference; lastKnownFileType = sourcecode.c.h; path = BugsnagDictionary.h; sourceTree = "<group>"; };
		71F07A8D1A077FA700322334 /* BugsnagEvent.h */ = {isa = PBXFileReference; lastKnownFileType = sourcecode.c.h; path = BugsnagEvent.h; sourceTree = "<group>"; };
		71F07A8E1A077FA700322334 /* BugsnagIosNotifier.h */ = {isa = PBXFileReference; lastKnownFileType = sourcecode.c.h; path = BugsnagIosNotifier.h; sourceTree = "<group>"; };
		71F07A8F1A077FA700322334 /* BugsnagLogger.h */ = {isa = PBXFileReference; lastKnownFileType = sourcecode.c.h; path = BugsnagLogger.h; sourceTree = "<group>"; };
		71F07A901A077FA700322334 /* BugsnagMetaData.h */ = {isa = PBXFileReference; lastKnownFileType = sourcecode.c.h; path = BugsnagMetaData.h; sourceTree = "<group>"; };
		71F07A911A077FA700322334 /* BugsnagNotifier.h */ = {isa = PBXFileReference; lastKnownFileType = sourcecode.c.h; path = BugsnagNotifier.h; sourceTree = "<group>"; };
		71F07A921A077FA700322334 /* BugsnagReachability.h */ = {isa = PBXFileReference; lastKnownFileType = sourcecode.c.h; path = BugsnagReachability.h; sourceTree = "<group>"; };
		71F07A931A077FA700322334 /* Countly_OpenUDID.h */ = {isa = PBXFileReference; lastKnownFileType = sourcecode.c.h; path = Countly_OpenUDID.h; sourceTree = "<group>"; };
		71F07A941A077FA700322334 /* Countly.h */ = {isa = PBXFileReference; lastKnownFileType = sourcecode.c.h; path = Countly.h; sourceTree = "<group>"; };
		71F07A951A077FA700322334 /* CRFilter.h */ = {isa = PBXFileReference; lastKnownFileType = sourcecode.c.h; path = CRFilter.h; sourceTree = "<group>"; };
		71F07A961A077FA700322334 /* Crittercism.h */ = {isa = PBXFileReference; lastKnownFileType = sourcecode.c.h; path = Crittercism.h; sourceTree = "<group>"; };
		71F07A971A077FA700322334 /* CrittercismDelegate.h */ = {isa = PBXFileReference; lastKnownFileType = sourcecode.c.h; path = CrittercismDelegate.h; sourceTree = "<group>"; };
		71F07A981A077FA700322334 /* Flurry.h */ = {isa = PBXFileReference; lastKnownFileType = sourcecode.c.h; path = Flurry.h; sourceTree = "<group>"; };
		71F07A991A077FA700322334 /* GAI.h */ = {isa = PBXFileReference; lastKnownFileType = sourcecode.c.h; path = GAI.h; sourceTree = "<group>"; };
		71F07A9A1A077FA700322334 /* GAIDictionaryBuilder.h */ = {isa = PBXFileReference; lastKnownFileType = sourcecode.c.h; path = GAIDictionaryBuilder.h; sourceTree = "<group>"; };
		71F07A9B1A077FA700322334 /* GAIEcommerceFields.h */ = {isa = PBXFileReference; lastKnownFileType = sourcecode.c.h; path = GAIEcommerceFields.h; sourceTree = "<group>"; };
		71F07A9C1A077FA700322334 /* GAIEcommerceProduct.h */ = {isa = PBXFileReference; lastKnownFileType = sourcecode.c.h; path = GAIEcommerceProduct.h; sourceTree = "<group>"; };
		71F07A9D1A077FA700322334 /* GAIEcommerceProductAction.h */ = {isa = PBXFileReference; lastKnownFileType = sourcecode.c.h; path = GAIEcommerceProductAction.h; sourceTree = "<group>"; };
		71F07A9E1A077FA700322334 /* GAIEcommercePromotion.h */ = {isa = PBXFileReference; lastKnownFileType = sourcecode.c.h; path = GAIEcommercePromotion.h; sourceTree = "<group>"; };
		71F07A9F1A077FA700322334 /* GAIFields.h */ = {isa = PBXFileReference; lastKnownFileType = sourcecode.c.h; path = GAIFields.h; sourceTree = "<group>"; };
		71F07AA01A077FA700322334 /* GAILogger.h */ = {isa = PBXFileReference; lastKnownFileType = sourcecode.c.h; path = GAILogger.h; sourceTree = "<group>"; };
		71F07AA11A077FA700322334 /* GAITrackedViewController.h */ = {isa = PBXFileReference; lastKnownFileType = sourcecode.c.h; path = GAITrackedViewController.h; sourceTree = "<group>"; };
		71F07AA21A077FA700322334 /* GAITracker.h */ = {isa = PBXFileReference; lastKnownFileType = sourcecode.c.h; path = GAITracker.h; sourceTree = "<group>"; };
		71F07AA31A077FA700322334 /* LocalyticsAmpSession.h */ = {isa = PBXFileReference; lastKnownFileType = sourcecode.c.h; path = LocalyticsAmpSession.h; sourceTree = "<group>"; };
		71F07AA41A077FA700322334 /* LocalyticsSession.h */ = {isa = PBXFileReference; lastKnownFileType = sourcecode.c.h; path = LocalyticsSession.h; sourceTree = "<group>"; };
		71F07AA51A077FA700322334 /* Mixpanel.h */ = {isa = PBXFileReference; lastKnownFileType = sourcecode.c.h; path = Mixpanel.h; sourceTree = "<group>"; };
		71F07AA61A077FA700322334 /* MPAbstractABTestDesignerMessage.h */ = {isa = PBXFileReference; lastKnownFileType = sourcecode.c.h; path = MPAbstractABTestDesignerMessage.h; sourceTree = "<group>"; };
		71F07AA71A077FA700322334 /* MPABTestDesignerChangeRequestMessage.h */ = {isa = PBXFileReference; lastKnownFileType = sourcecode.c.h; path = MPABTestDesignerChangeRequestMessage.h; sourceTree = "<group>"; };
		71F07AA81A077FA700322334 /* MPABTestDesignerChangeResponseMessage.h */ = {isa = PBXFileReference; lastKnownFileType = sourcecode.c.h; path = MPABTestDesignerChangeResponseMessage.h; sourceTree = "<group>"; };
		71F07AA91A077FA700322334 /* MPABTestDesignerClearRequestMessage.h */ = {isa = PBXFileReference; lastKnownFileType = sourcecode.c.h; path = MPABTestDesignerClearRequestMessage.h; sourceTree = "<group>"; };
		71F07AAA1A077FA700322334 /* MPABTestDesignerClearResponseMessage.h */ = {isa = PBXFileReference; lastKnownFileType = sourcecode.c.h; path = MPABTestDesignerClearResponseMessage.h; sourceTree = "<group>"; };
		71F07AAB1A077FA700322334 /* MPABTestDesignerConnection.h */ = {isa = PBXFileReference; lastKnownFileType = sourcecode.c.h; path = MPABTestDesignerConnection.h; sourceTree = "<group>"; };
		71F07AAC1A077FA700322334 /* MPABTestDesignerDeviceInfoRequestMessage.h */ = {isa = PBXFileReference; lastKnownFileType = sourcecode.c.h; path = MPABTestDesignerDeviceInfoRequestMessage.h; sourceTree = "<group>"; };
		71F07AAD1A077FA700322334 /* MPABTestDesignerDeviceInfoResponseMessage.h */ = {isa = PBXFileReference; lastKnownFileType = sourcecode.c.h; path = MPABTestDesignerDeviceInfoResponseMessage.h; sourceTree = "<group>"; };
		71F07AAE1A077FA700322334 /* MPABTestDesignerDisconnectMessage.h */ = {isa = PBXFileReference; lastKnownFileType = sourcecode.c.h; path = MPABTestDesignerDisconnectMessage.h; sourceTree = "<group>"; };
		71F07AAF1A077FA700322334 /* MPABTestDesignerMessage.h */ = {isa = PBXFileReference; lastKnownFileType = sourcecode.c.h; path = MPABTestDesignerMessage.h; sourceTree = "<group>"; };
		71F07AB01A077FA700322334 /* MPABTestDesignerSnapshotRequestMessage.h */ = {isa = PBXFileReference; lastKnownFileType = sourcecode.c.h; path = MPABTestDesignerSnapshotRequestMessage.h; sourceTree = "<group>"; };
		71F07AB11A077FA700322334 /* MPABTestDesignerSnapshotResponseMessage.h */ = {isa = PBXFileReference; lastKnownFileType = sourcecode.c.h; path = MPABTestDesignerSnapshotResponseMessage.h; sourceTree = "<group>"; };
		71F07AB21A077FA700322334 /* MPABTestDesignerTweakRequestMessage.h */ = {isa = PBXFileReference; lastKnownFileType = sourcecode.c.h; path = MPABTestDesignerTweakRequestMessage.h; sourceTree = "<group>"; };
		71F07AB31A077FA700322334 /* MPABTestDesignerTweakResponseMessage.h */ = {isa = PBXFileReference; lastKnownFileType = sourcecode.c.h; path = MPABTestDesignerTweakResponseMessage.h; sourceTree = "<group>"; };
		71F07AB41A077FA700322334 /* MPApplicationStateSerializer.h */ = {isa = PBXFileReference; lastKnownFileType = sourcecode.c.h; path = MPApplicationStateSerializer.h; sourceTree = "<group>"; };
		71F07AB51A077FA700322334 /* MPClassDescription.h */ = {isa = PBXFileReference; lastKnownFileType = sourcecode.c.h; path = MPClassDescription.h; sourceTree = "<group>"; };
		71F07AB61A077FA700322334 /* MPEnumDescription.h */ = {isa = PBXFileReference; lastKnownFileType = sourcecode.c.h; path = MPEnumDescription.h; sourceTree = "<group>"; };
		71F07AB71A077FA700322334 /* MPNotification.h */ = {isa = PBXFileReference; lastKnownFileType = sourcecode.c.h; path = MPNotification.h; sourceTree = "<group>"; };
		71F07AB81A077FA700322334 /* MPNotificationViewController.h */ = {isa = PBXFileReference; lastKnownFileType = sourcecode.c.h; path = MPNotificationViewController.h; sourceTree = "<group>"; };
		71F07AB91A077FA700322334 /* MPObjectIdentifierProvider.h */ = {isa = PBXFileReference; lastKnownFileType = sourcecode.c.h; path = MPObjectIdentifierProvider.h; sourceTree = "<group>"; };
		71F07ABA1A077FA700322334 /* MPObjectIdentityProvider.h */ = {isa = PBXFileReference; lastKnownFileType = sourcecode.c.h; path = MPObjectIdentityProvider.h; sourceTree = "<group>"; };
		71F07ABB1A077FA700322334 /* MPObjectSelector.h */ = {isa = PBXFileReference; lastKnownFileType = sourcecode.c.h; path = MPObjectSelector.h; sourceTree = "<group>"; };
		71F07ABC1A077FA700322334 /* MPObjectSerializer.h */ = {isa = PBXFileReference; lastKnownFileType = sourcecode.c.h; path = MPObjectSerializer.h; sourceTree = "<group>"; };
		71F07ABD1A077FA700322334 /* MPObjectSerializerConfig.h */ = {isa = PBXFileReference; lastKnownFileType = sourcecode.c.h; path = MPObjectSerializerConfig.h; sourceTree = "<group>"; };
		71F07ABE1A077FA700322334 /* MPObjectSerializerContext.h */ = {isa = PBXFileReference; lastKnownFileType = sourcecode.c.h; path = MPObjectSerializerContext.h; sourceTree = "<group>"; };
		71F07ABF1A077FA700322334 /* MPPropertyDescription.h */ = {isa = PBXFileReference; lastKnownFileType = sourcecode.c.h; path = MPPropertyDescription.h; sourceTree = "<group>"; };
		71F07AC01A077FA700322334 /* MPSequenceGenerator.h */ = {isa = PBXFileReference; lastKnownFileType = sourcecode.c.h; path = MPSequenceGenerator.h; sourceTree = "<group>"; };
		71F07AC11A077FA700322334 /* MPSurvey.h */ = {isa = PBXFileReference; lastKnownFileType = sourcecode.c.h; path = MPSurvey.h; sourceTree = "<group>"; };
		71F07AC21A077FA700322334 /* MPSurveyNavigationController.h */ = {isa = PBXFileReference; lastKnownFileType = sourcecode.c.h; path = MPSurveyNavigationController.h; sourceTree = "<group>"; };
		71F07AC31A077FA700322334 /* MPSurveyQuestion.h */ = {isa = PBXFileReference; lastKnownFileType = sourcecode.c.h; path = MPSurveyQuestion.h; sourceTree = "<group>"; };
		71F07AC41A077FA700322334 /* MPSurveyQuestionViewController.h */ = {isa = PBXFileReference; lastKnownFileType = sourcecode.c.h; path = MPSurveyQuestionViewController.h; sourceTree = "<group>"; };
		71F07AC51A077FA700322334 /* MPSwizzler.h */ = {isa = PBXFileReference; lastKnownFileType = sourcecode.c.h; path = MPSwizzler.h; sourceTree = "<group>"; };
		71F07AC61A077FA700322334 /* MPTweak.h */ = {isa = PBXFileReference; lastKnownFileType = sourcecode.c.h; path = MPTweak.h; sourceTree = "<group>"; };
		71F07AC71A077FA700322334 /* MPTweakInline.h */ = {isa = PBXFileReference; lastKnownFileType = sourcecode.c.h; path = MPTweakInline.h; sourceTree = "<group>"; };
		71F07AC81A077FA700322334 /* MPTweakInlineInternal.h */ = {isa = PBXFileReference; lastKnownFileType = sourcecode.c.h; path = MPTweakInlineInternal.h; sourceTree = "<group>"; };
		71F07AC91A077FA700322334 /* MPTweakStore.h */ = {isa = PBXFileReference; lastKnownFileType = sourcecode.c.h; path = MPTweakStore.h; sourceTree = "<group>"; };
		71F07ACA1A077FA700322334 /* MPTypeDescription.h */ = {isa = PBXFileReference; lastKnownFileType = sourcecode.c.h; path = MPTypeDescription.h; sourceTree = "<group>"; };
		71F07ACB1A077FA700322334 /* MPValueTransformers.h */ = {isa = PBXFileReference; lastKnownFileType = sourcecode.c.h; path = MPValueTransformers.h; sourceTree = "<group>"; };
		71F07ACC1A077FA700322334 /* MPVariant.h */ = {isa = PBXFileReference; lastKnownFileType = sourcecode.c.h; path = MPVariant.h; sourceTree = "<group>"; };
		71F07ACD1A077FA700322334 /* MPWebSocket.h */ = {isa = PBXFileReference; lastKnownFileType = sourcecode.c.h; path = MPWebSocket.h; sourceTree = "<group>"; };
		71F07ACE1A077FA700322334 /* NSData+MPBase64.h */ = {isa = PBXFileReference; lastKnownFileType = sourcecode.c.h; path = "NSData+MPBase64.h"; sourceTree = "<group>"; };
		71F07ACF1A077FA700322334 /* NSInvocation+MPHelpers.h */ = {isa = PBXFileReference; lastKnownFileType = sourcecode.c.h; path = "NSInvocation+MPHelpers.h"; sourceTree = "<group>"; };
		71F07AD01A077FA700322334 /* Optimizely.h */ = {isa = PBXFileReference; lastKnownFileType = sourcecode.c.h; path = Optimizely.h; sourceTree = "<group>"; };
		71F07AD11A077FA700322334 /* OptimizelyCodeBlocksKey.h */ = {isa = PBXFileReference; lastKnownFileType = sourcecode.c.h; path = OptimizelyCodeBlocksKey.h; sourceTree = "<group>"; };
		71F07AD21A077FA700322334 /* OptimizelyVariableKey.h */ = {isa = PBXFileReference; lastKnownFileType = sourcecode.c.h; path = OptimizelyVariableKey.h; sourceTree = "<group>"; };
		71F07AD31A077FA700322334 /* QuantcastDatabase.h */ = {isa = PBXFileReference; lastKnownFileType = sourcecode.c.h; path = QuantcastDatabase.h; sourceTree = "<group>"; };
		71F07AD41A077FA700322334 /* QuantcastDataManager.h */ = {isa = PBXFileReference; lastKnownFileType = sourcecode.c.h; path = QuantcastDataManager.h; sourceTree = "<group>"; };
		71F07AD51A077FA700322334 /* QuantcastEvent.h */ = {isa = PBXFileReference; lastKnownFileType = sourcecode.c.h; path = QuantcastEvent.h; sourceTree = "<group>"; };
		71F07AD61A077FA700322334 /* QuantcastEventLogger.h */ = {isa = PBXFileReference; lastKnownFileType = sourcecode.c.h; path = QuantcastEventLogger.h; sourceTree = "<group>"; };
		71F07AD71A077FA700322334 /* QuantcastMeasurement.h */ = {isa = PBXFileReference; lastKnownFileType = sourcecode.c.h; path = QuantcastMeasurement.h; sourceTree = "<group>"; };
		71F07AD81A077FA700322334 /* QuantcastMeasurement+Internal.h */ = {isa = PBXFileReference; lastKnownFileType = sourcecode.c.h; path = "QuantcastMeasurement+Internal.h"; sourceTree = "<group>"; };
		71F07AD91A077FA700322334 /* QuantcastNetworkReachability.h */ = {isa = PBXFileReference; lastKnownFileType = sourcecode.c.h; path = QuantcastNetworkReachability.h; sourceTree = "<group>"; };
		71F07ADA1A077FA700322334 /* QuantcastOptOutDelegate.h */ = {isa = PBXFileReference; lastKnownFileType = sourcecode.c.h; path = QuantcastOptOutDelegate.h; sourceTree = "<group>"; };
		71F07ADB1A077FA700322334 /* QuantcastOptOutViewController.h */ = {isa = PBXFileReference; lastKnownFileType = sourcecode.c.h; path = QuantcastOptOutViewController.h; sourceTree = "<group>"; };
		71F07ADC1A077FA700322334 /* QuantcastParameters.h */ = {isa = PBXFileReference; lastKnownFileType = sourcecode.c.h; path = QuantcastParameters.h; sourceTree = "<group>"; };
		71F07ADD1A077FA700322334 /* QuantcastPolicy.h */ = {isa = PBXFileReference; lastKnownFileType = sourcecode.c.h; path = QuantcastPolicy.h; sourceTree = "<group>"; };
		71F07ADE1A077FA700322334 /* QuantcastUploadManager.h */ = {isa = PBXFileReference; lastKnownFileType = sourcecode.c.h; path = QuantcastUploadManager.h; sourceTree = "<group>"; };
		71F07ADF1A077FA700322334 /* QuantcastUtils.h */ = {isa = PBXFileReference; lastKnownFileType = sourcecode.c.h; path = QuantcastUtils.h; sourceTree = "<group>"; };
		71F07AE01A077FA700322334 /* SEGAnalytics.h */ = {isa = PBXFileReference; lastKnownFileType = sourcecode.c.h; path = SEGAnalytics.h; sourceTree = "<group>"; };
		71F07AE11A077FA700322334 /* TAGContainer.h */ = {isa = PBXFileReference; lastKnownFileType = sourcecode.c.h; path = TAGContainer.h; sourceTree = "<group>"; };
		71F07AE21A077FA700322334 /* TAGContainerOpener.h */ = {isa = PBXFileReference; lastKnownFileType = sourcecode.c.h; path = TAGContainerOpener.h; sourceTree = "<group>"; };
		71F07AE31A077FA700322334 /* TAGDataLayer.h */ = {isa = PBXFileReference; lastKnownFileType = sourcecode.c.h; path = TAGDataLayer.h; sourceTree = "<group>"; };
		71F07AE41A077FA700322334 /* TAGLogger.h */ = {isa = PBXFileReference; lastKnownFileType = sourcecode.c.h; path = TAGLogger.h; sourceTree = "<group>"; };
		71F07AE51A077FA700322334 /* TAGManager.h */ = {isa = PBXFileReference; lastKnownFileType = sourcecode.c.h; path = TAGManager.h; sourceTree = "<group>"; };
		71F07AE61A077FA700322334 /* Taplytics.h */ = {isa = PBXFileReference; lastKnownFileType = sourcecode.c.h; path = Taplytics.h; sourceTree = "<group>"; };
		71F07AE71A077FA700322334 /* TaplyticsOptions.h */ = {isa = PBXFileReference; lastKnownFileType = sourcecode.c.h; path = TaplyticsOptions.h; sourceTree = "<group>"; };
		71F07AE81A077FA700322334 /* TestFlight.h */ = {isa = PBXFileReference; lastKnownFileType = sourcecode.c.h; path = TestFlight.h; sourceTree = "<group>"; };
		71F07AE91A077FA700322334 /* TestFlight+AsyncLogging.h */ = {isa = PBXFileReference; lastKnownFileType = sourcecode.c.h; path = "TestFlight+AsyncLogging.h"; sourceTree = "<group>"; };
		71F07AEA1A077FA700322334 /* TestFlight+ManualSessions.h */ = {isa = PBXFileReference; lastKnownFileType = sourcecode.c.h; path = "TestFlight+ManualSessions.h"; sourceTree = "<group>"; };
		71F07AEB1A077FA700322334 /* TSApi.h */ = {isa = PBXFileReference; lastKnownFileType = sourcecode.c.h; path = TSApi.h; sourceTree = "<group>"; };
		71F07AEC1A077FA700322334 /* TSAppEventSource.h */ = {isa = PBXFileReference; lastKnownFileType = sourcecode.c.h; path = TSAppEventSource.h; sourceTree = "<group>"; };
		71F07AED1A077FA700322334 /* TSAppEventSourceImpl.h */ = {isa = PBXFileReference; lastKnownFileType = sourcecode.c.h; path = TSAppEventSourceImpl.h; sourceTree = "<group>"; };
		71F07AEE1A077FA700322334 /* TSConfig.h */ = {isa = PBXFileReference; lastKnownFileType = sourcecode.c.h; path = TSConfig.h; sourceTree = "<group>"; };
		71F07AEF1A077FA700322334 /* TSCore.h */ = {isa = PBXFileReference; lastKnownFileType = sourcecode.c.h; path = TSCore.h; sourceTree = "<group>"; };
		71F07AF01A077FA700322334 /* TSCoreListener.h */ = {isa = PBXFileReference; lastKnownFileType = sourcecode.c.h; path = TSCoreListener.h; sourceTree = "<group>"; };
		71F07AF11A077FA700322334 /* TSCoreListenerImpl.h */ = {isa = PBXFileReference; lastKnownFileType = sourcecode.c.h; path = TSCoreListenerImpl.h; sourceTree = "<group>"; };
		71F07AF21A077FA700322334 /* TSDelegate.h */ = {isa = PBXFileReference; lastKnownFileType = sourcecode.c.h; path = TSDelegate.h; sourceTree = "<group>"; };
		71F07AF31A077FA700322334 /* TSEvent.h */ = {isa = PBXFileReference; lastKnownFileType = sourcecode.c.h; path = TSEvent.h; sourceTree = "<group>"; };
		71F07AF41A077FA700322334 /* TSHelpers.h */ = {isa = PBXFileReference; lastKnownFileType = sourcecode.c.h; path = TSHelpers.h; sourceTree = "<group>"; };
		71F07AF51A077FA700322334 /* TSHit.h */ = {isa = PBXFileReference; lastKnownFileType = sourcecode.c.h; path = TSHit.h; sourceTree = "<group>"; };
		71F07AF61A077FA700322334 /* TSLogging.h */ = {isa = PBXFileReference; lastKnownFileType = sourcecode.c.h; path = TSLogging.h; sourceTree = "<group>"; };
		71F07AF71A077FA700322334 /* TSLogLevel.h */ = {isa = PBXFileReference; lastKnownFileType = sourcecode.c.h; path = TSLogLevel.h; sourceTree = "<group>"; };
		71F07AF81A077FA700322334 /* TSPlatform.h */ = {isa = PBXFileReference; lastKnownFileType = sourcecode.c.h; path = TSPlatform.h; sourceTree = "<group>"; };
		71F07AF91A077FA700322334 /* TSPlatformImpl.h */ = {isa = PBXFileReference; lastKnownFileType = sourcecode.c.h; path = TSPlatformImpl.h; sourceTree = "<group>"; };
		71F07AFA1A077FA700322334 /* TSResponse.h */ = {isa = PBXFileReference; lastKnownFileType = sourcecode.c.h; path = TSResponse.h; sourceTree = "<group>"; };
		71F07AFB1A077FA700322334 /* TSTapstream.h */ = {isa = PBXFileReference; lastKnownFileType = sourcecode.c.h; path = TSTapstream.h; sourceTree = "<group>"; };
		71F07AFC1A077FA700322334 /* TSUtils.h */ = {isa = PBXFileReference; lastKnownFileType = sourcecode.c.h; path = TSUtils.h; sourceTree = "<group>"; };
		71F07AFD1A077FA700322334 /* TSWordOfMouthDelegate.h */ = {isa = PBXFileReference; lastKnownFileType = sourcecode.c.h; path = TSWordOfMouthDelegate.h; sourceTree = "<group>"; };
		71F07AFE1A077FA700322334 /* UIColor+MPColor.h */ = {isa = PBXFileReference; lastKnownFileType = sourcecode.c.h; path = "UIColor+MPColor.h"; sourceTree = "<group>"; };
		71F07AFF1A077FA700322334 /* UIImage+MPAverageColor.h */ = {isa = PBXFileReference; lastKnownFileType = sourcecode.c.h; path = "UIImage+MPAverageColor.h"; sourceTree = "<group>"; };
		71F07B001A077FA700322334 /* UIImage+MPImageEffects.h */ = {isa = PBXFileReference; lastKnownFileType = sourcecode.c.h; path = "UIImage+MPImageEffects.h"; sourceTree = "<group>"; };
		71F07B011A077FA700322334 /* UIView+MPSnapshotImage.h */ = {isa = PBXFileReference; lastKnownFileType = sourcecode.c.h; path = "UIView+MPSnapshotImage.h"; sourceTree = "<group>"; };
		B31B6D4E15C13D5200854074 /* libForgeModule.a */ = {isa = PBXFileReference; explicitFileType = archive.ar; includeInIndex = 0; path = libForgeModule.a; sourceTree = BUILT_PRODUCTS_DIR; };
		B31B6D5115C13D5200854074 /* Foundation.framework */ = {isa = PBXFileReference; lastKnownFileType = wrapper.framework; name = Foundation.framework; path = System/Library/Frameworks/Foundation.framework; sourceTree = SDKROOT; };
		B31B6D6D15C1467100854074 /* segmentio.bundle */ = {isa = PBXFileReference; explicitFileType = wrapper.cfbundle; includeInIndex = 0; path = segmentio.bundle; sourceTree = BUILT_PRODUCTS_DIR; };
		B31B6D6E15C1467100854074 /* CoreFoundation.framework */ = {isa = PBXFileReference; lastKnownFileType = wrapper.framework; name = CoreFoundation.framework; path = System/Library/Frameworks/CoreFoundation.framework; sourceTree = SDKROOT; };
		B37C3A5C162717A200B50A60 /* ForgeCore.framework */ = {isa = PBXFileReference; lastKnownFileType = wrapper.framework; name = ForgeCore.framework; path = ../ForgeCore.framework; sourceTree = "<group>"; };
		B3CC61EF1716ECB500A1A8EF /* segmentio_API.h */ = {isa = PBXFileReference; fileEncoding = 4; lastKnownFileType = sourcecode.c.h; path = segmentio_API.h; sourceTree = "<group>"; };
		B3CC61F01716ECB500A1A8EF /* segmentio_API.m */ = {isa = PBXFileReference; fileEncoding = 4; lastKnownFileType = sourcecode.c.objc; path = segmentio_API.m; sourceTree = "<group>"; };
		B3CC61F11716ECB500A1A8EF /* segmentio_EventListener.h */ = {isa = PBXFileReference; fileEncoding = 4; lastKnownFileType = sourcecode.c.h; path = segmentio_EventListener.h; sourceTree = "<group>"; };
		B3CC61F31716ECBB00A1A8EF /* segmentio_EventListener.m */ = {isa = PBXFileReference; fileEncoding = 4; lastKnownFileType = sourcecode.c.objc; path = segmentio_EventListener.m; sourceTree = "<group>"; };
		B3FC51F715C151E5003574D9 /* UIKit.framework */ = {isa = PBXFileReference; lastKnownFileType = wrapper.framework; name = UIKit.framework; path = System/Library/Frameworks/UIKit.framework; sourceTree = SDKROOT; };
		B3FC51FE15C1523D003574D9 /* CoreGraphics.framework */ = {isa = PBXFileReference; lastKnownFileType = wrapper.framework; name = CoreGraphics.framework; path = System/Library/Frameworks/CoreGraphics.framework; sourceTree = SDKROOT; };
		B3FC524115C177EA003574D9 /* AssetsLibrary.framework */ = {isa = PBXFileReference; lastKnownFileType = wrapper.framework; name = AssetsLibrary.framework; path = System/Library/Frameworks/AssetsLibrary.framework; sourceTree = SDKROOT; };
		B3FC524715C17B2C003574D9 /* SystemConfiguration.framework */ = {isa = PBXFileReference; lastKnownFileType = wrapper.framework; name = SystemConfiguration.framework; path = System/Library/Frameworks/SystemConfiguration.framework; sourceTree = SDKROOT; };
/* End PBXFileReference section */

/* Begin PBXFrameworksBuildPhase section */
		B31B6D4B15C13D5200854074 /* Frameworks */ = {
			isa = PBXFrameworksBuildPhase;
			buildActionMask = 2147483647;
			files = (
				B3FC524815C17B2C003574D9 /* SystemConfiguration.framework in Frameworks */,
				B3FC524215C177EA003574D9 /* AssetsLibrary.framework in Frameworks */,
				B3FC51FF15C1523D003574D9 /* CoreGraphics.framework in Frameworks */,
				718C262C19B73FEC00B19A36 /* Analytics in Frameworks */,
				B3FC51F815C151E5003574D9 /* UIKit.framework in Frameworks */,
				B31B6D5215C13D5200854074 /* Foundation.framework in Frameworks */,
				B37C3A5D162717A200B50A60 /* ForgeCore.framework in Frameworks */,
			);
			runOnlyForDeploymentPostprocessing = 0;
		};
		B31B6D6A15C1467100854074 /* Frameworks */ = {
			isa = PBXFrameworksBuildPhase;
			buildActionMask = 2147483647;
			files = (
				B31B6D6F15C1467100854074 /* CoreFoundation.framework in Frameworks */,
			);
			runOnlyForDeploymentPostprocessing = 0;
		};
/* End PBXFrameworksBuildPhase section */

/* Begin PBXGroup section */
		718C25A719B73FD300B19A36 /* Analytics.framework */ = {
			isa = PBXGroup;
			children = (
				718C25A819B73FEC00B19A36 /* Analytics */,
				718C25A919B73FEC00B19A36 /* Headers */,
			);
			name = Analytics.framework;
			sourceTree = "<group>";
		};
		718C25A919B73FEC00B19A36 /* Headers */ = {
			isa = PBXGroup;
			children = (
				71F07A841A077FA700322334 /* _MPTweakBindObserver.h */,
				71F07A851A077FA700322334 /* Amplitude.h */,
				71F07A861A077FA700322334 /* AmplitudeARCMacros.h */,
				71F07A871A077FA700322334 /* AmplitudeLocationManagerDelegate.h */,
				71F07A881A077FA700322334 /* Analytics.h */,
				71F07A891A077FA700322334 /* AppsFlyerTracker.h */,
				71F07A8A1A077FA700322334 /* Bugsnag.h */,
				71F07A8B1A077FA700322334 /* BugsnagConfiguration.h */,
				71F07A8C1A077FA700322334 /* BugsnagDictionary.h */,
				71F07A8D1A077FA700322334 /* BugsnagEvent.h */,
				71F07A8E1A077FA700322334 /* BugsnagIosNotifier.h */,
				71F07A8F1A077FA700322334 /* BugsnagLogger.h */,
				71F07A901A077FA700322334 /* BugsnagMetaData.h */,
				71F07A911A077FA700322334 /* BugsnagNotifier.h */,
				71F07A921A077FA700322334 /* BugsnagReachability.h */,
				71F07A931A077FA700322334 /* Countly_OpenUDID.h */,
				71F07A941A077FA700322334 /* Countly.h */,
				71F07A951A077FA700322334 /* CRFilter.h */,
				71F07A961A077FA700322334 /* Crittercism.h */,
				71F07A971A077FA700322334 /* CrittercismDelegate.h */,
				71F07A981A077FA700322334 /* Flurry.h */,
				71F07A991A077FA700322334 /* GAI.h */,
				71F07A9A1A077FA700322334 /* GAIDictionaryBuilder.h */,
				71F07A9B1A077FA700322334 /* GAIEcommerceFields.h */,
				71F07A9C1A077FA700322334 /* GAIEcommerceProduct.h */,
				71F07A9D1A077FA700322334 /* GAIEcommerceProductAction.h */,
				71F07A9E1A077FA700322334 /* GAIEcommercePromotion.h */,
				71F07A9F1A077FA700322334 /* GAIFields.h */,
				71F07AA01A077FA700322334 /* GAILogger.h */,
				71F07AA11A077FA700322334 /* GAITrackedViewController.h */,
				71F07AA21A077FA700322334 /* GAITracker.h */,
				71F07AA31A077FA700322334 /* LocalyticsAmpSession.h */,
				71F07AA41A077FA700322334 /* LocalyticsSession.h */,
				71F07AA51A077FA700322334 /* Mixpanel.h */,
				71F07AA61A077FA700322334 /* MPAbstractABTestDesignerMessage.h */,
				71F07AA71A077FA700322334 /* MPABTestDesignerChangeRequestMessage.h */,
				71F07AA81A077FA700322334 /* MPABTestDesignerChangeResponseMessage.h */,
				71F07AA91A077FA700322334 /* MPABTestDesignerClearRequestMessage.h */,
				71F07AAA1A077FA700322334 /* MPABTestDesignerClearResponseMessage.h */,
				71F07AAB1A077FA700322334 /* MPABTestDesignerConnection.h */,
				71F07AAC1A077FA700322334 /* MPABTestDesignerDeviceInfoRequestMessage.h */,
				71F07AAD1A077FA700322334 /* MPABTestDesignerDeviceInfoResponseMessage.h */,
				71F07AAE1A077FA700322334 /* MPABTestDesignerDisconnectMessage.h */,
				71F07AAF1A077FA700322334 /* MPABTestDesignerMessage.h */,
				71F07AB01A077FA700322334 /* MPABTestDesignerSnapshotRequestMessage.h */,
				71F07AB11A077FA700322334 /* MPABTestDesignerSnapshotResponseMessage.h */,
				71F07AB21A077FA700322334 /* MPABTestDesignerTweakRequestMessage.h */,
				71F07AB31A077FA700322334 /* MPABTestDesignerTweakResponseMessage.h */,
				71F07AB41A077FA700322334 /* MPApplicationStateSerializer.h */,
				71F07AB51A077FA700322334 /* MPClassDescription.h */,
				71F07AB61A077FA700322334 /* MPEnumDescription.h */,
				71F07AB71A077FA700322334 /* MPNotification.h */,
				71F07AB81A077FA700322334 /* MPNotificationViewController.h */,
				71F07AB91A077FA700322334 /* MPObjectIdentifierProvider.h */,
				71F07ABA1A077FA700322334 /* MPObjectIdentityProvider.h */,
				71F07ABB1A077FA700322334 /* MPObjectSelector.h */,
				71F07ABC1A077FA700322334 /* MPObjectSerializer.h */,
				71F07ABD1A077FA700322334 /* MPObjectSerializerConfig.h */,
				71F07ABE1A077FA700322334 /* MPObjectSerializerContext.h */,
				71F07ABF1A077FA700322334 /* MPPropertyDescription.h */,
				71F07AC01A077FA700322334 /* MPSequenceGenerator.h */,
				71F07AC11A077FA700322334 /* MPSurvey.h */,
				71F07AC21A077FA700322334 /* MPSurveyNavigationController.h */,
				71F07AC31A077FA700322334 /* MPSurveyQuestion.h */,
				71F07AC41A077FA700322334 /* MPSurveyQuestionViewController.h */,
				71F07AC51A077FA700322334 /* MPSwizzler.h */,
				71F07AC61A077FA700322334 /* MPTweak.h */,
				71F07AC71A077FA700322334 /* MPTweakInline.h */,
				71F07AC81A077FA700322334 /* MPTweakInlineInternal.h */,
				71F07AC91A077FA700322334 /* MPTweakStore.h */,
				71F07ACA1A077FA700322334 /* MPTypeDescription.h */,
				71F07ACB1A077FA700322334 /* MPValueTransformers.h */,
				71F07ACC1A077FA700322334 /* MPVariant.h */,
				71F07ACD1A077FA700322334 /* MPWebSocket.h */,
				71F07ACE1A077FA700322334 /* NSData+MPBase64.h */,
				71F07ACF1A077FA700322334 /* NSInvocation+MPHelpers.h */,
				71F07AD01A077FA700322334 /* Optimizely.h */,
				71F07AD11A077FA700322334 /* OptimizelyCodeBlocksKey.h */,
				71F07AD21A077FA700322334 /* OptimizelyVariableKey.h */,
				71F07AD31A077FA700322334 /* QuantcastDatabase.h */,
				71F07AD41A077FA700322334 /* QuantcastDataManager.h */,
				71F07AD51A077FA700322334 /* QuantcastEvent.h */,
				71F07AD61A077FA700322334 /* QuantcastEventLogger.h */,
				71F07AD71A077FA700322334 /* QuantcastMeasurement.h */,
				71F07AD81A077FA700322334 /* QuantcastMeasurement+Internal.h */,
				71F07AD91A077FA700322334 /* QuantcastNetworkReachability.h */,
				71F07ADA1A077FA700322334 /* QuantcastOptOutDelegate.h */,
				71F07ADB1A077FA700322334 /* QuantcastOptOutViewController.h */,
				71F07ADC1A077FA700322334 /* QuantcastParameters.h */,
				71F07ADD1A077FA700322334 /* QuantcastPolicy.h */,
				71F07ADE1A077FA700322334 /* QuantcastUploadManager.h */,
				71F07ADF1A077FA700322334 /* QuantcastUtils.h */,
				71F07AE01A077FA700322334 /* SEGAnalytics.h */,
				71F07AE11A077FA700322334 /* TAGContainer.h */,
				71F07AE21A077FA700322334 /* TAGContainerOpener.h */,
				71F07AE31A077FA700322334 /* TAGDataLayer.h */,
				71F07AE41A077FA700322334 /* TAGLogger.h */,
				71F07AE51A077FA700322334 /* TAGManager.h */,
				71F07AE61A077FA700322334 /* Taplytics.h */,
				71F07AE71A077FA700322334 /* TaplyticsOptions.h */,
				71F07AE81A077FA700322334 /* TestFlight.h */,
				71F07AE91A077FA700322334 /* TestFlight+AsyncLogging.h */,
				71F07AEA1A077FA700322334 /* TestFlight+ManualSessions.h */,
				71F07AEB1A077FA700322334 /* TSApi.h */,
				71F07AEC1A077FA700322334 /* TSAppEventSource.h */,
				71F07AED1A077FA700322334 /* TSAppEventSourceImpl.h */,
				71F07AEE1A077FA700322334 /* TSConfig.h */,
				71F07AEF1A077FA700322334 /* TSCore.h */,
				71F07AF01A077FA700322334 /* TSCoreListener.h */,
				71F07AF11A077FA700322334 /* TSCoreListenerImpl.h */,
				71F07AF21A077FA700322334 /* TSDelegate.h */,
				71F07AF31A077FA700322334 /* TSEvent.h */,
				71F07AF41A077FA700322334 /* TSHelpers.h */,
				71F07AF51A077FA700322334 /* TSHit.h */,
				71F07AF61A077FA700322334 /* TSLogging.h */,
				71F07AF71A077FA700322334 /* TSLogLevel.h */,
				71F07AF81A077FA700322334 /* TSPlatform.h */,
				71F07AF91A077FA700322334 /* TSPlatformImpl.h */,
				71F07AFA1A077FA700322334 /* TSResponse.h */,
				71F07AFB1A077FA700322334 /* TSTapstream.h */,
				71F07AFC1A077FA700322334 /* TSUtils.h */,
				71F07AFD1A077FA700322334 /* TSWordOfMouthDelegate.h */,
				71F07AFE1A077FA700322334 /* UIColor+MPColor.h */,
				71F07AFF1A077FA700322334 /* UIImage+MPAverageColor.h */,
				71F07B001A077FA700322334 /* UIImage+MPImageEffects.h */,
				71F07B011A077FA700322334 /* UIView+MPSnapshotImage.h */,
			);
			name = Headers;
			path = Analytics.framework/Versions/A/Headers;
			sourceTree = "<group>";
		};
		B31B6D4315C13D5200854074 = {
			isa = PBXGroup;
			children = (
				718C25A719B73FD300B19A36 /* Analytics.framework */,
				B3CC61EF1716ECB500A1A8EF /* segmentio_API.h */,
				B3CC61F01716ECB500A1A8EF /* segmentio_API.m */,
				B3CC61F11716ECB500A1A8EF /* segmentio_EventListener.h */,
				B3CC61F31716ECBB00A1A8EF /* segmentio_EventListener.m */,
				B31B6D5015C13D5200854074 /* Frameworks */,
				B31B6D4F15C13D5200854074 /* Products */,
			);
			sourceTree = "<group>";
		};
		B31B6D4F15C13D5200854074 /* Products */ = {
			isa = PBXGroup;
			children = (
				B31B6D4E15C13D5200854074 /* libForgeModule.a */,
				B31B6D6D15C1467100854074 /* segmentio.bundle */,
			);
			name = Products;
			sourceTree = "<group>";
		};
		B31B6D5015C13D5200854074 /* Frameworks */ = {
			isa = PBXGroup;
			children = (
				B37C3A5C162717A200B50A60 /* ForgeCore.framework */,
				B3FC524715C17B2C003574D9 /* SystemConfiguration.framework */,
				B3FC524115C177EA003574D9 /* AssetsLibrary.framework */,
				B3FC51FE15C1523D003574D9 /* CoreGraphics.framework */,
				B3FC51F715C151E5003574D9 /* UIKit.framework */,
				B31B6D5115C13D5200854074 /* Foundation.framework */,
				B31B6D6E15C1467100854074 /* CoreFoundation.framework */,
			);
			name = Frameworks;
			sourceTree = "<group>";
		};
/* End PBXGroup section */

/* Begin PBXNativeTarget section */
		B31B6D4D15C13D5200854074 /* ForgeModule */ = {
			isa = PBXNativeTarget;
			buildConfigurationList = B31B6D5C15C13D5200854074 /* Build configuration list for PBXNativeTarget "ForgeModule" */;
			buildPhases = (
				B31B6D4A15C13D5200854074 /* Sources */,
				B31B6D4B15C13D5200854074 /* Frameworks */,
			);
			buildRules = (
			);
			dependencies = (
			);
			name = ForgeModule;
			productName = ForgeCore;
			productReference = B31B6D4E15C13D5200854074 /* libForgeModule.a */;
			productType = "com.apple.product-type.library.static";
		};
		B31B6D6C15C1467100854074 /* ForgeModuleResources */ = {
			isa = PBXNativeTarget;
			buildConfigurationList = B31B6D7715C1467100854074 /* Build configuration list for PBXNativeTarget "ForgeModuleResources" */;
			buildPhases = (
				B31B6D6915C1467100854074 /* Sources */,
				B31B6D6A15C1467100854074 /* Frameworks */,
				B31B6D6B15C1467100854074 /* Resources */,
			);
			buildRules = (
			);
			dependencies = (
			);
			name = ForgeModuleResources;
			productName = ForgeCoreResources;
			productReference = B31B6D6D15C1467100854074 /* segmentio.bundle */;
			productType = "com.apple.product-type.bundle";
		};
/* End PBXNativeTarget section */

/* Begin PBXProject section */
		B31B6D4515C13D5200854074 /* Project object */ = {
			isa = PBXProject;
			attributes = {
				LastUpgradeCheck = 0600;
				ORGANIZATIONNAME = "Trigger Corp";
			};
			buildConfigurationList = B31B6D4815C13D5200854074 /* Build configuration list for PBXProject "ForgeModule" */;
			compatibilityVersion = "Xcode 3.2";
			developmentRegion = English;
			hasScannedForEncodings = 0;
			knownRegions = (
				en,
			);
			mainGroup = B31B6D4315C13D5200854074;
			productRefGroup = B31B6D4F15C13D5200854074 /* Products */;
			projectDirPath = "";
			projectRoot = "";
			targets = (
				B31B6D4D15C13D5200854074 /* ForgeModule */,
				B31B6D6C15C1467100854074 /* ForgeModuleResources */,
			);
		};
/* End PBXProject section */

/* Begin PBXResourcesBuildPhase section */
		B31B6D6B15C1467100854074 /* Resources */ = {
			isa = PBXResourcesBuildPhase;
			buildActionMask = 2147483647;
			files = (
			);
			runOnlyForDeploymentPostprocessing = 0;
		};
/* End PBXResourcesBuildPhase section */

/* Begin PBXSourcesBuildPhase section */
		B31B6D4A15C13D5200854074 /* Sources */ = {
			isa = PBXSourcesBuildPhase;
			buildActionMask = 2147483647;
			files = (
				B3CC61F21716ECB500A1A8EF /* segmentio_API.m in Sources */,
				B3CC61F41716ECBB00A1A8EF /* segmentio_EventListener.m in Sources */,
			);
			runOnlyForDeploymentPostprocessing = 0;
		};
		B31B6D6915C1467100854074 /* Sources */ = {
			isa = PBXSourcesBuildPhase;
			buildActionMask = 2147483647;
			files = (
			);
			runOnlyForDeploymentPostprocessing = 0;
		};
/* End PBXSourcesBuildPhase section */

/* Begin XCBuildConfiguration section */
		B31B6D5A15C13D5200854074 /* Debug */ = {
			isa = XCBuildConfiguration;
			buildSettings = {
				ALWAYS_SEARCH_USER_PATHS = YES;
				CLANG_CXX_LANGUAGE_STANDARD = "gnu++0x";
				CLANG_ENABLE_OBJC_ARC = YES;
				CLANG_WARN_BOOL_CONVERSION = YES;
				CLANG_WARN_CONSTANT_CONVERSION = YES;
				CLANG_WARN_EMPTY_BODY = YES;
				CLANG_WARN_ENUM_CONVERSION = YES;
				CLANG_WARN_INT_CONVERSION = YES;
				CLANG_WARN_UNREACHABLE_CODE = YES;
				CLANG_WARN__DUPLICATE_METHOD_MATCH = YES;
				COPY_PHASE_STRIP = NO;
				ENABLE_STRICT_OBJC_MSGSEND = YES;
				GCC_C_LANGUAGE_STANDARD = gnu99;
				GCC_DYNAMIC_NO_PIC = NO;
				GCC_OPTIMIZATION_LEVEL = 0;
				GCC_PREPROCESSOR_DEFINITIONS = (
					"DEBUG=1",
					"$(inherited)",
				);
				GCC_SYMBOLS_PRIVATE_EXTERN = NO;
				GCC_VERSION = com.apple.compilers.llvm.clang.1_0;
				GCC_WARN_64_TO_32_BIT_CONVERSION = YES;
				GCC_WARN_ABOUT_RETURN_TYPE = YES;
				GCC_WARN_UNDECLARED_SELECTOR = YES;
				GCC_WARN_UNINITIALIZED_AUTOS = YES;
				GCC_WARN_UNUSED_FUNCTION = YES;
				GCC_WARN_UNUSED_VARIABLE = YES;
				IPHONEOS_DEPLOYMENT_TARGET = 6.0;
				ONLY_ACTIVE_ARCH = YES;
				SDKROOT = iphoneos;
				VALID_ARCHS = "armv7 armv7s arm64 i386 x86_64";
			};
			name = Debug;
		};
		B31B6D5B15C13D5200854074 /* Release */ = {
			isa = XCBuildConfiguration;
			buildSettings = {
				ALWAYS_SEARCH_USER_PATHS = YES;
				CLANG_CXX_LANGUAGE_STANDARD = "gnu++0x";
				CLANG_ENABLE_OBJC_ARC = YES;
				CLANG_WARN_BOOL_CONVERSION = YES;
				CLANG_WARN_CONSTANT_CONVERSION = YES;
				CLANG_WARN_EMPTY_BODY = YES;
				CLANG_WARN_ENUM_CONVERSION = YES;
				CLANG_WARN_INT_CONVERSION = YES;
				CLANG_WARN_UNREACHABLE_CODE = YES;
				CLANG_WARN__DUPLICATE_METHOD_MATCH = YES;
				COPY_PHASE_STRIP = YES;
				ENABLE_STRICT_OBJC_MSGSEND = YES;
				GCC_C_LANGUAGE_STANDARD = gnu99;
				GCC_VERSION = com.apple.compilers.llvm.clang.1_0;
				GCC_WARN_64_TO_32_BIT_CONVERSION = YES;
				GCC_WARN_ABOUT_RETURN_TYPE = YES;
				GCC_WARN_UNDECLARED_SELECTOR = YES;
				GCC_WARN_UNINITIALIZED_AUTOS = YES;
				GCC_WARN_UNUSED_FUNCTION = YES;
				GCC_WARN_UNUSED_VARIABLE = YES;
				IPHONEOS_DEPLOYMENT_TARGET = 6.0;
				SDKROOT = iphoneos;
				VALIDATE_PRODUCT = YES;
				VALID_ARCHS = "armv7 armv7s arm64 i386 x86_64";
			};
			name = Release;
		};
		B31B6D5D15C13D5200854074 /* Debug */ = {
			isa = XCBuildConfiguration;
			buildSettings = {
				COPY_PHASE_STRIP = NO;
				DEAD_CODE_STRIPPING = NO;
				FRAMEWORK_SEARCH_PATHS = (
					"$(inherited)",
					"\"$(SRCROOT)\"",
					"\"$(SRCROOT)/..\"",
				);
				GCC_PRECOMPILE_PREFIX_HEADER = YES;
				GCC_PREFIX_HEADER = "ForgeModule-Prefix.pch";
				HEADER_SEARCH_PATHS = "./**";
				LIBRARY_SEARCH_PATHS = (
					"$(inherited)",
					"$(PROJECT_DIR)/Analytics.framework/Versions/A",
				);
				OTHER_LDFLAGS = "-ObjC";
				PRODUCT_NAME = "$(TARGET_NAME)";
				SDKROOT = iphoneos;
				SKIP_INSTALL = YES;
				STRIP_STYLE = "non-global";
			};
			name = Debug;
		};
		B31B6D5E15C13D5200854074 /* Release */ = {
			isa = XCBuildConfiguration;
			buildSettings = {
				COPY_PHASE_STRIP = NO;
				DEAD_CODE_STRIPPING = NO;
				FRAMEWORK_SEARCH_PATHS = (
					"$(inherited)",
					"\"$(SRCROOT)\"",
					"\"$(SRCROOT)/..\"",
				);
				GCC_PRECOMPILE_PREFIX_HEADER = YES;
				GCC_PREFIX_HEADER = "ForgeModule-Prefix.pch";
				HEADER_SEARCH_PATHS = "./**";
				LIBRARY_SEARCH_PATHS = (
					"$(inherited)",
					"$(PROJECT_DIR)/Analytics.framework/Versions/A",
				);
				OTHER_LDFLAGS = "-ObjC";
				PRODUCT_NAME = "$(TARGET_NAME)";
				SDKROOT = iphoneos;
				SKIP_INSTALL = YES;
				STRIP_STYLE = "non-global";
			};
			name = Release;
		};
		B31B6D7815C1467100854074 /* Debug */ = {
			isa = XCBuildConfiguration;
			buildSettings = {
				FRAMEWORK_SEARCH_PATHS = (
					"$(inherited)",
					"\"$(SRCROOT)\"",
				);
				GCC_ENABLE_OBJC_EXCEPTIONS = YES;
				GCC_PRECOMPILE_PREFIX_HEADER = YES;
				GCC_PREFIX_HEADER = "";
				GCC_WARN_64_TO_32_BIT_CONVERSION = YES;
				INFOPLIST_FILE = "";
				INSTALL_PATH = "$(LOCAL_LIBRARY_DIR)/Bundles";
				MACOSX_DEPLOYMENT_TARGET = 10.7;
				ONLY_ACTIVE_ARCH = NO;
				PRODUCT_NAME = segmentio;
				SDKROOT = iphoneos;
				WRAPPER_EXTENSION = bundle;
			};
			name = Debug;
		};
		B31B6D7915C1467100854074 /* Release */ = {
			isa = XCBuildConfiguration;
			buildSettings = {
				DEBUG_INFORMATION_FORMAT = "dwarf-with-dsym";
				FRAMEWORK_SEARCH_PATHS = (
					"$(inherited)",
					"\"$(SRCROOT)\"",
				);
				GCC_ENABLE_OBJC_EXCEPTIONS = YES;
				GCC_PRECOMPILE_PREFIX_HEADER = YES;
				GCC_PREFIX_HEADER = "";
				GCC_WARN_64_TO_32_BIT_CONVERSION = YES;
				INFOPLIST_FILE = "";
				INSTALL_PATH = "$(LOCAL_LIBRARY_DIR)/Bundles";
				MACOSX_DEPLOYMENT_TARGET = 10.7;
				ONLY_ACTIVE_ARCH = NO;
				PRODUCT_NAME = segmentio;
				SDKROOT = iphoneos;
				WRAPPER_EXTENSION = bundle;
			};
			name = Release;
		};
/* End XCBuildConfiguration section */

/* Begin XCConfigurationList section */
		B31B6D4815C13D5200854074 /* Build configuration list for PBXProject "ForgeModule" */ = {
			isa = XCConfigurationList;
			buildConfigurations = (
				B31B6D5A15C13D5200854074 /* Debug */,
				B31B6D5B15C13D5200854074 /* Release */,
			);
			defaultConfigurationIsVisible = 0;
			defaultConfigurationName = Release;
		};
		B31B6D5C15C13D5200854074 /* Build configuration list for PBXNativeTarget "ForgeModule" */ = {
			isa = XCConfigurationList;
			buildConfigurations = (
				B31B6D5D15C13D5200854074 /* Debug */,
				B31B6D5E15C13D5200854074 /* Release */,
			);
			defaultConfigurationIsVisible = 0;
			defaultConfigurationName = Release;
		};
		B31B6D7715C1467100854074 /* Build configuration list for PBXNativeTarget "ForgeModuleResources" */ = {
			isa = XCConfigurationList;
			buildConfigurations = (
				B31B6D7815C1467100854074 /* Debug */,
				B31B6D7915C1467100854074 /* Release */,
			);
			defaultConfigurationIsVisible = 0;
			defaultConfigurationName = Release;
		};
/* End XCConfigurationList section */
	};
	rootObject = B31B6D4515C13D5200854074 /* Project object */;
}
