// !$*UTF8*$!
{
	archiveVersion = 1;
	classes = {
	};
	objectVersion = 46;
	objects = {

/* Begin PBXBuildFile section */
		718C262C19B73FEC00B19A36 /* Analytics in Frameworks */ = {isa = PBXBuildFile; fileRef = 718C25A819B73FEC00B19A36 /* Analytics */; };
		B31B6D5215C13D5200854074 /* Foundation.framework in Frameworks */ = {isa = PBXBuildFile; fileRef = B31B6D5115C13D5200854074 /* Foundation.framework */; };
		B31B6D6F15C1467100854074 /* CoreFoundation.framework in Frameworks */ = {isa = PBXBuildFile; fileRef = B31B6D6E15C1467100854074 /* CoreFoundation.framework */; };
		B37C3A5D162717A200B50A60 /* ForgeCore.framework in Frameworks */ = {isa = PBXBuildFile; fileRef = B37C3A5C162717A200B50A60 /* ForgeCore.framework */; };
		B3CC61F21716ECB500A1A8EF /* segmentio_API.m in Sources */ = {isa = PBXBuildFile; fileRef = B3CC61F01716ECB500A1A8EF /* segmentio_API.m */; };
		B3CC61F41716ECBB00A1A8EF /* segmentio_EventListener.m in Sources */ = {isa = PBXBuildFile; fileRef = B3CC61F31716ECBB00A1A8EF /* segmentio_EventListener.m */; };
		B3FC51F815C151E5003574D9 /* UIKit.framework in Frameworks */ = {isa = PBXBuildFile; fileRef = B3FC51F715C151E5003574D9 /* UIKit.framework */; };
		B3FC51FF15C1523D003574D9 /* CoreGraphics.framework in Frameworks */ = {isa = PBXBuildFile; fileRef = B3FC51FE15C1523D003574D9 /* CoreGraphics.framework */; };
		B3FC524215C177EA003574D9 /* AssetsLibrary.framework in Frameworks */ = {isa = PBXBuildFile; fileRef = B3FC524115C177EA003574D9 /* AssetsLibrary.framework */; };
		B3FC524815C17B2C003574D9 /* SystemConfiguration.framework in Frameworks */ = {isa = PBXBuildFile; fileRef = B3FC524715C17B2C003574D9 /* SystemConfiguration.framework */; };
/* End PBXBuildFile section */

/* Begin PBXFileReference section */
		718C25A819B73FEC00B19A36 /* Analytics */ = {isa = PBXFileReference; lastKnownFileType = archive.ar; name = Analytics; path = Analytics.framework/Versions/A/Analytics; sourceTree = "<group>"; };
		718C25AA19B73FEC00B19A36 /* _MPTweakBindObserver.h */ = {isa = PBXFileReference; fileEncoding = 4; lastKnownFileType = sourcecode.c.h; path = _MPTweakBindObserver.h; sourceTree = "<group>"; };
		718C25AB19B73FEC00B19A36 /* Amplitude.h */ = {isa = PBXFileReference; fileEncoding = 4; lastKnownFileType = sourcecode.c.h; path = Amplitude.h; sourceTree = "<group>"; };
		718C25AC19B73FEC00B19A36 /* AmplitudeARCMacros.h */ = {isa = PBXFileReference; fileEncoding = 4; lastKnownFileType = sourcecode.c.h; path = AmplitudeARCMacros.h; sourceTree = "<group>"; };
		718C25AD19B73FEC00B19A36 /* AmplitudeLocationManagerDelegate.h */ = {isa = PBXFileReference; fileEncoding = 4; lastKnownFileType = sourcecode.c.h; path = AmplitudeLocationManagerDelegate.h; sourceTree = "<group>"; };
		718C25AE19B73FEC00B19A36 /* Analytics.h */ = {isa = PBXFileReference; fileEncoding = 4; lastKnownFileType = sourcecode.c.h; path = Analytics.h; sourceTree = "<group>"; };
		718C25AF19B73FEC00B19A36 /* AppsFlyerTracker.h */ = {isa = PBXFileReference; fileEncoding = 4; lastKnownFileType = sourcecode.c.h; path = AppsFlyerTracker.h; sourceTree = "<group>"; };
		718C25B019B73FEC00B19A36 /* Bugsnag.h */ = {isa = PBXFileReference; fileEncoding = 4; lastKnownFileType = sourcecode.c.h; path = Bugsnag.h; sourceTree = "<group>"; };
		718C25B119B73FEC00B19A36 /* BugsnagConfiguration.h */ = {isa = PBXFileReference; fileEncoding = 4; lastKnownFileType = sourcecode.c.h; path = BugsnagConfiguration.h; sourceTree = "<group>"; };
		718C25B219B73FEC00B19A36 /* BugsnagDictionary.h */ = {isa = PBXFileReference; fileEncoding = 4; lastKnownFileType = sourcecode.c.h; path = BugsnagDictionary.h; sourceTree = "<group>"; };
		718C25B319B73FEC00B19A36 /* BugsnagEvent.h */ = {isa = PBXFileReference; fileEncoding = 4; lastKnownFileType = sourcecode.c.h; path = BugsnagEvent.h; sourceTree = "<group>"; };
		718C25B419B73FEC00B19A36 /* BugsnagIosNotifier.h */ = {isa = PBXFileReference; fileEncoding = 4; lastKnownFileType = sourcecode.c.h; path = BugsnagIosNotifier.h; sourceTree = "<group>"; };
		718C25B519B73FEC00B19A36 /* BugsnagLogger.h */ = {isa = PBXFileReference; fileEncoding = 4; lastKnownFileType = sourcecode.c.h; path = BugsnagLogger.h; sourceTree = "<group>"; };
		718C25B619B73FEC00B19A36 /* BugsnagMetaData.h */ = {isa = PBXFileReference; fileEncoding = 4; lastKnownFileType = sourcecode.c.h; path = BugsnagMetaData.h; sourceTree = "<group>"; };
		718C25B719B73FEC00B19A36 /* BugsnagNotifier.h */ = {isa = PBXFileReference; fileEncoding = 4; lastKnownFileType = sourcecode.c.h; path = BugsnagNotifier.h; sourceTree = "<group>"; };
		718C25B819B73FEC00B19A36 /* BugsnagReachability.h */ = {isa = PBXFileReference; fileEncoding = 4; lastKnownFileType = sourcecode.c.h; path = BugsnagReachability.h; sourceTree = "<group>"; };
		718C25B919B73FEC00B19A36 /* Countly.h */ = {isa = PBXFileReference; fileEncoding = 4; lastKnownFileType = sourcecode.c.h; path = Countly.h; sourceTree = "<group>"; };
		718C25BA19B73FEC00B19A36 /* Countly_OpenUDID.h */ = {isa = PBXFileReference; fileEncoding = 4; lastKnownFileType = sourcecode.c.h; path = Countly_OpenUDID.h; sourceTree = "<group>"; };
		718C25BB19B73FEC00B19A36 /* CRFilter.h */ = {isa = PBXFileReference; fileEncoding = 4; lastKnownFileType = sourcecode.c.h; path = CRFilter.h; sourceTree = "<group>"; };
		718C25BC19B73FEC00B19A36 /* Crittercism.h */ = {isa = PBXFileReference; fileEncoding = 4; lastKnownFileType = sourcecode.c.h; path = Crittercism.h; sourceTree = "<group>"; };
		718C25BD19B73FEC00B19A36 /* CrittercismDelegate.h */ = {isa = PBXFileReference; fileEncoding = 4; lastKnownFileType = sourcecode.c.h; path = CrittercismDelegate.h; sourceTree = "<group>"; };
		718C25BE19B73FEC00B19A36 /* Flurry.h */ = {isa = PBXFileReference; fileEncoding = 4; lastKnownFileType = sourcecode.c.h; path = Flurry.h; sourceTree = "<group>"; };
		718C25BF19B73FEC00B19A36 /* GAI.h */ = {isa = PBXFileReference; fileEncoding = 4; lastKnownFileType = sourcecode.c.h; path = GAI.h; sourceTree = "<group>"; };
		718C25C019B73FEC00B19A36 /* GAIDictionaryBuilder.h */ = {isa = PBXFileReference; fileEncoding = 4; lastKnownFileType = sourcecode.c.h; path = GAIDictionaryBuilder.h; sourceTree = "<group>"; };
		718C25C119B73FEC00B19A36 /* GAIEcommerceFields.h */ = {isa = PBXFileReference; fileEncoding = 4; lastKnownFileType = sourcecode.c.h; path = GAIEcommerceFields.h; sourceTree = "<group>"; };
		718C25C219B73FEC00B19A36 /* GAIEcommerceProduct.h */ = {isa = PBXFileReference; fileEncoding = 4; lastKnownFileType = sourcecode.c.h; path = GAIEcommerceProduct.h; sourceTree = "<group>"; };
		718C25C319B73FEC00B19A36 /* GAIEcommerceProductAction.h */ = {isa = PBXFileReference; fileEncoding = 4; lastKnownFileType = sourcecode.c.h; path = GAIEcommerceProductAction.h; sourceTree = "<group>"; };
		718C25C419B73FEC00B19A36 /* GAIEcommercePromotion.h */ = {isa = PBXFileReference; fileEncoding = 4; lastKnownFileType = sourcecode.c.h; path = GAIEcommercePromotion.h; sourceTree = "<group>"; };
		718C25C519B73FEC00B19A36 /* GAIFields.h */ = {isa = PBXFileReference; fileEncoding = 4; lastKnownFileType = sourcecode.c.h; path = GAIFields.h; sourceTree = "<group>"; };
		718C25C619B73FEC00B19A36 /* GAILogger.h */ = {isa = PBXFileReference; fileEncoding = 4; lastKnownFileType = sourcecode.c.h; path = GAILogger.h; sourceTree = "<group>"; };
		718C25C719B73FEC00B19A36 /* GAITrackedViewController.h */ = {isa = PBXFileReference; fileEncoding = 4; lastKnownFileType = sourcecode.c.h; path = GAITrackedViewController.h; sourceTree = "<group>"; };
		718C25C819B73FEC00B19A36 /* GAITracker.h */ = {isa = PBXFileReference; fileEncoding = 4; lastKnownFileType = sourcecode.c.h; path = GAITracker.h; sourceTree = "<group>"; };
		718C25C919B73FEC00B19A36 /* LocalyticsConstants.h */ = {isa = PBXFileReference; fileEncoding = 4; lastKnownFileType = sourcecode.c.h; path = LocalyticsConstants.h; sourceTree = "<group>"; };
		718C25CA19B73FEC00B19A36 /* LocalyticsDatabase.h */ = {isa = PBXFileReference; fileEncoding = 4; lastKnownFileType = sourcecode.c.h; path = LocalyticsDatabase.h; sourceTree = "<group>"; };
		718C25CB19B73FEC00B19A36 /* LocalyticsDatapointHelper.h */ = {isa = PBXFileReference; fileEncoding = 4; lastKnownFileType = sourcecode.c.h; path = LocalyticsDatapointHelper.h; sourceTree = "<group>"; };
		718C25CC19B73FEC00B19A36 /* LocalyticsSession+Private.h */ = {isa = PBXFileReference; fileEncoding = 4; lastKnownFileType = sourcecode.c.h; path = "LocalyticsSession+Private.h"; sourceTree = "<group>"; };
		718C25CD19B73FEC00B19A36 /* LocalyticsSession.h */ = {isa = PBXFileReference; fileEncoding = 4; lastKnownFileType = sourcecode.c.h; path = LocalyticsSession.h; sourceTree = "<group>"; };
		718C25CE19B73FEC00B19A36 /* LocalyticsUploader.h */ = {isa = PBXFileReference; fileEncoding = 4; lastKnownFileType = sourcecode.c.h; path = LocalyticsUploader.h; sourceTree = "<group>"; };
		718C25CF19B73FEC00B19A36 /* LocalyticsUtil.h */ = {isa = PBXFileReference; fileEncoding = 4; lastKnownFileType = sourcecode.c.h; path = LocalyticsUtil.h; sourceTree = "<group>"; };
		718C25D019B73FEC00B19A36 /* Mixpanel.h */ = {isa = PBXFileReference; fileEncoding = 4; lastKnownFileType = sourcecode.c.h; path = Mixpanel.h; sourceTree = "<group>"; };
		718C25D119B73FEC00B19A36 /* MPAbstractABTestDesignerMessage.h */ = {isa = PBXFileReference; fileEncoding = 4; lastKnownFileType = sourcecode.c.h; path = MPAbstractABTestDesignerMessage.h; sourceTree = "<group>"; };
		718C25D219B73FEC00B19A36 /* MPABTestDesignerChangeRequestMessage.h */ = {isa = PBXFileReference; fileEncoding = 4; lastKnownFileType = sourcecode.c.h; path = MPABTestDesignerChangeRequestMessage.h; sourceTree = "<group>"; };
		718C25D319B73FEC00B19A36 /* MPABTestDesignerChangeResponseMessage.h */ = {isa = PBXFileReference; fileEncoding = 4; lastKnownFileType = sourcecode.c.h; path = MPABTestDesignerChangeResponseMessage.h; sourceTree = "<group>"; };
		718C25D419B73FEC00B19A36 /* MPABTestDesignerClearRequestMessage.h */ = {isa = PBXFileReference; fileEncoding = 4; lastKnownFileType = sourcecode.c.h; path = MPABTestDesignerClearRequestMessage.h; sourceTree = "<group>"; };
		718C25D519B73FEC00B19A36 /* MPABTestDesignerClearResponseMessage.h */ = {isa = PBXFileReference; fileEncoding = 4; lastKnownFileType = sourcecode.c.h; path = MPABTestDesignerClearResponseMessage.h; sourceTree = "<group>"; };
		718C25D619B73FEC00B19A36 /* MPABTestDesignerConnection.h */ = {isa = PBXFileReference; fileEncoding = 4; lastKnownFileType = sourcecode.c.h; path = MPABTestDesignerConnection.h; sourceTree = "<group>"; };
		718C25D719B73FEC00B19A36 /* MPABTestDesignerDeviceInfoRequestMessage.h */ = {isa = PBXFileReference; fileEncoding = 4; lastKnownFileType = sourcecode.c.h; path = MPABTestDesignerDeviceInfoRequestMessage.h; sourceTree = "<group>"; };
		718C25D819B73FEC00B19A36 /* MPABTestDesignerDeviceInfoResponseMessage.h */ = {isa = PBXFileReference; fileEncoding = 4; lastKnownFileType = sourcecode.c.h; path = MPABTestDesignerDeviceInfoResponseMessage.h; sourceTree = "<group>"; };
		718C25D919B73FEC00B19A36 /* MPABTestDesignerDisconnectMessage.h */ = {isa = PBXFileReference; fileEncoding = 4; lastKnownFileType = sourcecode.c.h; path = MPABTestDesignerDisconnectMessage.h; sourceTree = "<group>"; };
		718C25DA19B73FEC00B19A36 /* MPABTestDesignerMessage.h */ = {isa = PBXFileReference; fileEncoding = 4; lastKnownFileType = sourcecode.c.h; path = MPABTestDesignerMessage.h; sourceTree = "<group>"; };
		718C25DB19B73FEC00B19A36 /* MPABTestDesignerSnapshotRequestMessage.h */ = {isa = PBXFileReference; fileEncoding = 4; lastKnownFileType = sourcecode.c.h; path = MPABTestDesignerSnapshotRequestMessage.h; sourceTree = "<group>"; };
		718C25DC19B73FEC00B19A36 /* MPABTestDesignerSnapshotResponseMessage.h */ = {isa = PBXFileReference; fileEncoding = 4; lastKnownFileType = sourcecode.c.h; path = MPABTestDesignerSnapshotResponseMessage.h; sourceTree = "<group>"; };
		718C25DD19B73FEC00B19A36 /* MPABTestDesignerTweakRequestMessage.h */ = {isa = PBXFileReference; fileEncoding = 4; lastKnownFileType = sourcecode.c.h; path = MPABTestDesignerTweakRequestMessage.h; sourceTree = "<group>"; };
		718C25DE19B73FEC00B19A36 /* MPABTestDesignerTweakResponseMessage.h */ = {isa = PBXFileReference; fileEncoding = 4; lastKnownFileType = sourcecode.c.h; path = MPABTestDesignerTweakResponseMessage.h; sourceTree = "<group>"; };
		718C25DF19B73FEC00B19A36 /* MPApplicationStateSerializer.h */ = {isa = PBXFileReference; fileEncoding = 4; lastKnownFileType = sourcecode.c.h; path = MPApplicationStateSerializer.h; sourceTree = "<group>"; };
		718C25E019B73FEC00B19A36 /* MPClassDescription.h */ = {isa = PBXFileReference; fileEncoding = 4; lastKnownFileType = sourcecode.c.h; path = MPClassDescription.h; sourceTree = "<group>"; };
		718C25E119B73FEC00B19A36 /* MPEnumDescription.h */ = {isa = PBXFileReference; fileEncoding = 4; lastKnownFileType = sourcecode.c.h; path = MPEnumDescription.h; sourceTree = "<group>"; };
		718C25E219B73FEC00B19A36 /* MPNotification.h */ = {isa = PBXFileReference; fileEncoding = 4; lastKnownFileType = sourcecode.c.h; path = MPNotification.h; sourceTree = "<group>"; };
		718C25E319B73FEC00B19A36 /* MPNotificationViewController.h */ = {isa = PBXFileReference; fileEncoding = 4; lastKnownFileType = sourcecode.c.h; path = MPNotificationViewController.h; sourceTree = "<group>"; };
		718C25E419B73FEC00B19A36 /* MPObjectIdentifierProvider.h */ = {isa = PBXFileReference; fileEncoding = 4; lastKnownFileType = sourcecode.c.h; path = MPObjectIdentifierProvider.h; sourceTree = "<group>"; };
		718C25E519B73FEC00B19A36 /* MPObjectIdentityProvider.h */ = {isa = PBXFileReference; fileEncoding = 4; lastKnownFileType = sourcecode.c.h; path = MPObjectIdentityProvider.h; sourceTree = "<group>"; };
		718C25E619B73FEC00B19A36 /* MPObjectSelector.h */ = {isa = PBXFileReference; fileEncoding = 4; lastKnownFileType = sourcecode.c.h; path = MPObjectSelector.h; sourceTree = "<group>"; };
		718C25E719B73FEC00B19A36 /* MPObjectSerializer.h */ = {isa = PBXFileReference; fileEncoding = 4; lastKnownFileType = sourcecode.c.h; path = MPObjectSerializer.h; sourceTree = "<group>"; };
		718C25E819B73FEC00B19A36 /* MPObjectSerializerConfig.h */ = {isa = PBXFileReference; fileEncoding = 4; lastKnownFileType = sourcecode.c.h; path = MPObjectSerializerConfig.h; sourceTree = "<group>"; };
		718C25E919B73FEC00B19A36 /* MPObjectSerializerContext.h */ = {isa = PBXFileReference; fileEncoding = 4; lastKnownFileType = sourcecode.c.h; path = MPObjectSerializerContext.h; sourceTree = "<group>"; };
		718C25EA19B73FEC00B19A36 /* MPPropertyDescription.h */ = {isa = PBXFileReference; fileEncoding = 4; lastKnownFileType = sourcecode.c.h; path = MPPropertyDescription.h; sourceTree = "<group>"; };
		718C25EB19B73FEC00B19A36 /* MPSequenceGenerator.h */ = {isa = PBXFileReference; fileEncoding = 4; lastKnownFileType = sourcecode.c.h; path = MPSequenceGenerator.h; sourceTree = "<group>"; };
		718C25EC19B73FEC00B19A36 /* MPSurvey.h */ = {isa = PBXFileReference; fileEncoding = 4; lastKnownFileType = sourcecode.c.h; path = MPSurvey.h; sourceTree = "<group>"; };
		718C25ED19B73FEC00B19A36 /* MPSurveyNavigationController.h */ = {isa = PBXFileReference; fileEncoding = 4; lastKnownFileType = sourcecode.c.h; path = MPSurveyNavigationController.h; sourceTree = "<group>"; };
		718C25EE19B73FEC00B19A36 /* MPSurveyQuestion.h */ = {isa = PBXFileReference; fileEncoding = 4; lastKnownFileType = sourcecode.c.h; path = MPSurveyQuestion.h; sourceTree = "<group>"; };
		718C25EF19B73FEC00B19A36 /* MPSurveyQuestionViewController.h */ = {isa = PBXFileReference; fileEncoding = 4; lastKnownFileType = sourcecode.c.h; path = MPSurveyQuestionViewController.h; sourceTree = "<group>"; };
		718C25F019B73FEC00B19A36 /* MPSwizzler.h */ = {isa = PBXFileReference; fileEncoding = 4; lastKnownFileType = sourcecode.c.h; path = MPSwizzler.h; sourceTree = "<group>"; };
		718C25F119B73FEC00B19A36 /* MPTweak.h */ = {isa = PBXFileReference; fileEncoding = 4; lastKnownFileType = sourcecode.c.h; path = MPTweak.h; sourceTree = "<group>"; };
		718C25F219B73FEC00B19A36 /* MPTweakInline.h */ = {isa = PBXFileReference; fileEncoding = 4; lastKnownFileType = sourcecode.c.h; path = MPTweakInline.h; sourceTree = "<group>"; };
		718C25F319B73FEC00B19A36 /* MPTweakInlineInternal.h */ = {isa = PBXFileReference; fileEncoding = 4; lastKnownFileType = sourcecode.c.h; path = MPTweakInlineInternal.h; sourceTree = "<group>"; };
		718C25F419B73FEC00B19A36 /* MPTweakStore.h */ = {isa = PBXFileReference; fileEncoding = 4; lastKnownFileType = sourcecode.c.h; path = MPTweakStore.h; sourceTree = "<group>"; };
		718C25F519B73FEC00B19A36 /* MPTypeDescription.h */ = {isa = PBXFileReference; fileEncoding = 4; lastKnownFileType = sourcecode.c.h; path = MPTypeDescription.h; sourceTree = "<group>"; };
		718C25F619B73FEC00B19A36 /* MPValueTransformers.h */ = {isa = PBXFileReference; fileEncoding = 4; lastKnownFileType = sourcecode.c.h; path = MPValueTransformers.h; sourceTree = "<group>"; };
		718C25F719B73FEC00B19A36 /* MPVariant.h */ = {isa = PBXFileReference; fileEncoding = 4; lastKnownFileType = sourcecode.c.h; path = MPVariant.h; sourceTree = "<group>"; };
		718C25F819B73FEC00B19A36 /* MPWebSocket.h */ = {isa = PBXFileReference; fileEncoding = 4; lastKnownFileType = sourcecode.c.h; path = MPWebSocket.h; sourceTree = "<group>"; };
		718C25F919B73FEC00B19A36 /* NSData+MPBase64.h */ = {isa = PBXFileReference; fileEncoding = 4; lastKnownFileType = sourcecode.c.h; path = "NSData+MPBase64.h"; sourceTree = "<group>"; };
		718C25FA19B73FEC00B19A36 /* NSInvocation+MPHelpers.h */ = {isa = PBXFileReference; fileEncoding = 4; lastKnownFileType = sourcecode.c.h; path = "NSInvocation+MPHelpers.h"; sourceTree = "<group>"; };
		718C25FB19B73FEC00B19A36 /* Optimizely.h */ = {isa = PBXFileReference; fileEncoding = 4; lastKnownFileType = sourcecode.c.h; path = Optimizely.h; sourceTree = "<group>"; };
		718C25FC19B73FEC00B19A36 /* OptimizelyCodeBlocksKey.h */ = {isa = PBXFileReference; fileEncoding = 4; lastKnownFileType = sourcecode.c.h; path = OptimizelyCodeBlocksKey.h; sourceTree = "<group>"; };
		718C25FD19B73FEC00B19A36 /* OptimizelyVariableKey.h */ = {isa = PBXFileReference; fileEncoding = 4; lastKnownFileType = sourcecode.c.h; path = OptimizelyVariableKey.h; sourceTree = "<group>"; };
		718C25FE19B73FEC00B19A36 /* QuantcastDatabase.h */ = {isa = PBXFileReference; fileEncoding = 4; lastKnownFileType = sourcecode.c.h; path = QuantcastDatabase.h; sourceTree = "<group>"; };
		718C25FF19B73FEC00B19A36 /* QuantcastDataManager.h */ = {isa = PBXFileReference; fileEncoding = 4; lastKnownFileType = sourcecode.c.h; path = QuantcastDataManager.h; sourceTree = "<group>"; };
		718C260019B73FEC00B19A36 /* QuantcastEvent.h */ = {isa = PBXFileReference; fileEncoding = 4; lastKnownFileType = sourcecode.c.h; path = QuantcastEvent.h; sourceTree = "<group>"; };
		718C260119B73FEC00B19A36 /* QuantcastEventLogger.h */ = {isa = PBXFileReference; fileEncoding = 4; lastKnownFileType = sourcecode.c.h; path = QuantcastEventLogger.h; sourceTree = "<group>"; };
		718C260219B73FEC00B19A36 /* QuantcastMeasurement+Internal.h */ = {isa = PBXFileReference; fileEncoding = 4; lastKnownFileType = sourcecode.c.h; path = "QuantcastMeasurement+Internal.h"; sourceTree = "<group>"; };
		718C260319B73FEC00B19A36 /* QuantcastMeasurement.h */ = {isa = PBXFileReference; fileEncoding = 4; lastKnownFileType = sourcecode.c.h; path = QuantcastMeasurement.h; sourceTree = "<group>"; };
		718C260419B73FEC00B19A36 /* QuantcastNetworkReachability.h */ = {isa = PBXFileReference; fileEncoding = 4; lastKnownFileType = sourcecode.c.h; path = QuantcastNetworkReachability.h; sourceTree = "<group>"; };
		718C260519B73FEC00B19A36 /* QuantcastOptOutDelegate.h */ = {isa = PBXFileReference; fileEncoding = 4; lastKnownFileType = sourcecode.c.h; path = QuantcastOptOutDelegate.h; sourceTree = "<group>"; };
		718C260619B73FEC00B19A36 /* QuantcastOptOutViewController.h */ = {isa = PBXFileReference; fileEncoding = 4; lastKnownFileType = sourcecode.c.h; path = QuantcastOptOutViewController.h; sourceTree = "<group>"; };
		718C260719B73FEC00B19A36 /* QuantcastParameters.h */ = {isa = PBXFileReference; fileEncoding = 4; lastKnownFileType = sourcecode.c.h; path = QuantcastParameters.h; sourceTree = "<group>"; };
		718C260819B73FEC00B19A36 /* QuantcastPolicy.h */ = {isa = PBXFileReference; fileEncoding = 4; lastKnownFileType = sourcecode.c.h; path = QuantcastPolicy.h; sourceTree = "<group>"; };
		718C260919B73FEC00B19A36 /* QuantcastUploadManager.h */ = {isa = PBXFileReference; fileEncoding = 4; lastKnownFileType = sourcecode.c.h; path = QuantcastUploadManager.h; sourceTree = "<group>"; };
		718C260A19B73FEC00B19A36 /* QuantcastUtils.h */ = {isa = PBXFileReference; fileEncoding = 4; lastKnownFileType = sourcecode.c.h; path = QuantcastUtils.h; sourceTree = "<group>"; };
		718C260B19B73FEC00B19A36 /* SEGAnalytics.h */ = {isa = PBXFileReference; fileEncoding = 4; lastKnownFileType = sourcecode.c.h; path = SEGAnalytics.h; sourceTree = "<group>"; };
		718C260C19B73FEC00B19A36 /* TAGContainer.h */ = {isa = PBXFileReference; fileEncoding = 4; lastKnownFileType = sourcecode.c.h; path = TAGContainer.h; sourceTree = "<group>"; };
		718C260D19B73FEC00B19A36 /* TAGContainerOpener.h */ = {isa = PBXFileReference; fileEncoding = 4; lastKnownFileType = sourcecode.c.h; path = TAGContainerOpener.h; sourceTree = "<group>"; };
		718C260E19B73FEC00B19A36 /* TAGDataLayer.h */ = {isa = PBXFileReference; fileEncoding = 4; lastKnownFileType = sourcecode.c.h; path = TAGDataLayer.h; sourceTree = "<group>"; };
		718C260F19B73FEC00B19A36 /* TAGLogger.h */ = {isa = PBXFileReference; fileEncoding = 4; lastKnownFileType = sourcecode.c.h; path = TAGLogger.h; sourceTree = "<group>"; };
		718C261019B73FEC00B19A36 /* TAGManager.h */ = {isa = PBXFileReference; fileEncoding = 4; lastKnownFileType = sourcecode.c.h; path = TAGManager.h; sourceTree = "<group>"; };
		718C261119B73FEC00B19A36 /* Taplytics.h */ = {isa = PBXFileReference; fileEncoding = 4; lastKnownFileType = sourcecode.c.h; path = Taplytics.h; sourceTree = "<group>"; };
		718C261219B73FEC00B19A36 /* TestFlight+AsyncLogging.h */ = {isa = PBXFileReference; fileEncoding = 4; lastKnownFileType = sourcecode.c.h; path = "TestFlight+AsyncLogging.h"; sourceTree = "<group>"; };
		718C261319B73FEC00B19A36 /* TestFlight+ManualSessions.h */ = {isa = PBXFileReference; fileEncoding = 4; lastKnownFileType = sourcecode.c.h; path = "TestFlight+ManualSessions.h"; sourceTree = "<group>"; };
		718C261419B73FEC00B19A36 /* TestFlight.h */ = {isa = PBXFileReference; fileEncoding = 4; lastKnownFileType = sourcecode.c.h; path = TestFlight.h; sourceTree = "<group>"; };
		718C261519B73FEC00B19A36 /* TSApi.h */ = {isa = PBXFileReference; fileEncoding = 4; lastKnownFileType = sourcecode.c.h; path = TSApi.h; sourceTree = "<group>"; };
		718C261619B73FEC00B19A36 /* TSAppEventSource.h */ = {isa = PBXFileReference; fileEncoding = 4; lastKnownFileType = sourcecode.c.h; path = TSAppEventSource.h; sourceTree = "<group>"; };
		718C261719B73FEC00B19A36 /* TSAppEventSourceImpl.h */ = {isa = PBXFileReference; fileEncoding = 4; lastKnownFileType = sourcecode.c.h; path = TSAppEventSourceImpl.h; sourceTree = "<group>"; };
		718C261819B73FEC00B19A36 /* TSConfig.h */ = {isa = PBXFileReference; fileEncoding = 4; lastKnownFileType = sourcecode.c.h; path = TSConfig.h; sourceTree = "<group>"; };
		718C261919B73FEC00B19A36 /* TSCore.h */ = {isa = PBXFileReference; fileEncoding = 4; lastKnownFileType = sourcecode.c.h; path = TSCore.h; sourceTree = "<group>"; };
		718C261A19B73FEC00B19A36 /* TSCoreListener.h */ = {isa = PBXFileReference; fileEncoding = 4; lastKnownFileType = sourcecode.c.h; path = TSCoreListener.h; sourceTree = "<group>"; };
		718C261B19B73FEC00B19A36 /* TSCoreListenerImpl.h */ = {isa = PBXFileReference; fileEncoding = 4; lastKnownFileType = sourcecode.c.h; path = TSCoreListenerImpl.h; sourceTree = "<group>"; };
		718C261C19B73FEC00B19A36 /* TSDelegate.h */ = {isa = PBXFileReference; fileEncoding = 4; lastKnownFileType = sourcecode.c.h; path = TSDelegate.h; sourceTree = "<group>"; };
		718C261D19B73FEC00B19A36 /* TSEvent.h */ = {isa = PBXFileReference; fileEncoding = 4; lastKnownFileType = sourcecode.c.h; path = TSEvent.h; sourceTree = "<group>"; };
		718C261E19B73FEC00B19A36 /* TSHelpers.h */ = {isa = PBXFileReference; fileEncoding = 4; lastKnownFileType = sourcecode.c.h; path = TSHelpers.h; sourceTree = "<group>"; };
		718C261F19B73FEC00B19A36 /* TSHit.h */ = {isa = PBXFileReference; fileEncoding = 4; lastKnownFileType = sourcecode.c.h; path = TSHit.h; sourceTree = "<group>"; };
		718C262019B73FEC00B19A36 /* TSLogging.h */ = {isa = PBXFileReference; fileEncoding = 4; lastKnownFileType = sourcecode.c.h; path = TSLogging.h; sourceTree = "<group>"; };
		718C262119B73FEC00B19A36 /* TSLogLevel.h */ = {isa = PBXFileReference; fileEncoding = 4; lastKnownFileType = sourcecode.c.h; path = TSLogLevel.h; sourceTree = "<group>"; };
		718C262219B73FEC00B19A36 /* TSPlatform.h */ = {isa = PBXFileReference; fileEncoding = 4; lastKnownFileType = sourcecode.c.h; path = TSPlatform.h; sourceTree = "<group>"; };
		718C262319B73FEC00B19A36 /* TSPlatformImpl.h */ = {isa = PBXFileReference; fileEncoding = 4; lastKnownFileType = sourcecode.c.h; path = TSPlatformImpl.h; sourceTree = "<group>"; };
		718C262419B73FEC00B19A36 /* TSResponse.h */ = {isa = PBXFileReference; fileEncoding = 4; lastKnownFileType = sourcecode.c.h; path = TSResponse.h; sourceTree = "<group>"; };
		718C262519B73FEC00B19A36 /* TSTapstream.h */ = {isa = PBXFileReference; fileEncoding = 4; lastKnownFileType = sourcecode.c.h; path = TSTapstream.h; sourceTree = "<group>"; };
		718C262619B73FEC00B19A36 /* TSUtils.h */ = {isa = PBXFileReference; fileEncoding = 4; lastKnownFileType = sourcecode.c.h; path = TSUtils.h; sourceTree = "<group>"; };
		718C262719B73FEC00B19A36 /* TSWordOfMouthDelegate.h */ = {isa = PBXFileReference; fileEncoding = 4; lastKnownFileType = sourcecode.c.h; path = TSWordOfMouthDelegate.h; sourceTree = "<group>"; };
		718C262819B73FEC00B19A36 /* UIColor+MPColor.h */ = {isa = PBXFileReference; fileEncoding = 4; lastKnownFileType = sourcecode.c.h; path = "UIColor+MPColor.h"; sourceTree = "<group>"; };
		718C262919B73FEC00B19A36 /* UIImage+MPAverageColor.h */ = {isa = PBXFileReference; fileEncoding = 4; lastKnownFileType = sourcecode.c.h; path = "UIImage+MPAverageColor.h"; sourceTree = "<group>"; };
		718C262A19B73FEC00B19A36 /* UIImage+MPImageEffects.h */ = {isa = PBXFileReference; fileEncoding = 4; lastKnownFileType = sourcecode.c.h; path = "UIImage+MPImageEffects.h"; sourceTree = "<group>"; };
		718C262B19B73FEC00B19A36 /* UIView+MPSnapshotImage.h */ = {isa = PBXFileReference; fileEncoding = 4; lastKnownFileType = sourcecode.c.h; path = "UIView+MPSnapshotImage.h"; sourceTree = "<group>"; };
		B31B6D4E15C13D5200854074 /* libForgeModule.a */ = {isa = PBXFileReference; explicitFileType = archive.ar; includeInIndex = 0; path = libForgeModule.a; sourceTree = BUILT_PRODUCTS_DIR; };
		B31B6D5115C13D5200854074 /* Foundation.framework */ = {isa = PBXFileReference; lastKnownFileType = wrapper.framework; name = Foundation.framework; path = System/Library/Frameworks/Foundation.framework; sourceTree = SDKROOT; };
		B31B6D6D15C1467100854074 /* segmentio.bundle */ = {isa = PBXFileReference; explicitFileType = wrapper.cfbundle; includeInIndex = 0; path = segmentio.bundle; sourceTree = BUILT_PRODUCTS_DIR; };
		B31B6D6E15C1467100854074 /* CoreFoundation.framework */ = {isa = PBXFileReference; lastKnownFileType = wrapper.framework; name = CoreFoundation.framework; path = System/Library/Frameworks/CoreFoundation.framework; sourceTree = SDKROOT; };
		B37C3A5C162717A200B50A60 /* ForgeCore.framework */ = {isa = PBXFileReference; lastKnownFileType = wrapper.framework; name = ForgeCore.framework; path = ../ForgeCore.framework; sourceTree = "<group>"; };
		B3CC61EF1716ECB500A1A8EF /* segmentio_API.h */ = {isa = PBXFileReference; fileEncoding = 4; lastKnownFileType = sourcecode.c.h; path = segmentio_API.h; sourceTree = "<group>"; };
		B3CC61F01716ECB500A1A8EF /* segmentio_API.m */ = {isa = PBXFileReference; fileEncoding = 4; lastKnownFileType = sourcecode.c.objc; path = segmentio_API.m; sourceTree = "<group>"; };
		B3CC61F11716ECB500A1A8EF /* segmentio_EventListener.h */ = {isa = PBXFileReference; fileEncoding = 4; lastKnownFileType = sourcecode.c.h; path = segmentio_EventListener.h; sourceTree = "<group>"; };
		B3CC61F31716ECBB00A1A8EF /* segmentio_EventListener.m */ = {isa = PBXFileReference; fileEncoding = 4; lastKnownFileType = sourcecode.c.objc; path = segmentio_EventListener.m; sourceTree = "<group>"; };
		B3FC51F715C151E5003574D9 /* UIKit.framework */ = {isa = PBXFileReference; lastKnownFileType = wrapper.framework; name = UIKit.framework; path = System/Library/Frameworks/UIKit.framework; sourceTree = SDKROOT; };
		B3FC51FE15C1523D003574D9 /* CoreGraphics.framework */ = {isa = PBXFileReference; lastKnownFileType = wrapper.framework; name = CoreGraphics.framework; path = System/Library/Frameworks/CoreGraphics.framework; sourceTree = SDKROOT; };
		B3FC524115C177EA003574D9 /* AssetsLibrary.framework */ = {isa = PBXFileReference; lastKnownFileType = wrapper.framework; name = AssetsLibrary.framework; path = System/Library/Frameworks/AssetsLibrary.framework; sourceTree = SDKROOT; };
		B3FC524715C17B2C003574D9 /* SystemConfiguration.framework */ = {isa = PBXFileReference; lastKnownFileType = wrapper.framework; name = SystemConfiguration.framework; path = System/Library/Frameworks/SystemConfiguration.framework; sourceTree = SDKROOT; };
/* End PBXFileReference section */

/* Begin PBXFrameworksBuildPhase section */
		B31B6D4B15C13D5200854074 /* Frameworks */ = {
			isa = PBXFrameworksBuildPhase;
			buildActionMask = 2147483647;
			files = (
				B3FC524815C17B2C003574D9 /* SystemConfiguration.framework in Frameworks */,
				B3FC524215C177EA003574D9 /* AssetsLibrary.framework in Frameworks */,
				B3FC51FF15C1523D003574D9 /* CoreGraphics.framework in Frameworks */,
				718C262C19B73FEC00B19A36 /* Analytics in Frameworks */,
				B3FC51F815C151E5003574D9 /* UIKit.framework in Frameworks */,
				B31B6D5215C13D5200854074 /* Foundation.framework in Frameworks */,
				B37C3A5D162717A200B50A60 /* ForgeCore.framework in Frameworks */,
			);
			runOnlyForDeploymentPostprocessing = 0;
		};
		B31B6D6A15C1467100854074 /* Frameworks */ = {
			isa = PBXFrameworksBuildPhase;
			buildActionMask = 2147483647;
			files = (
				B31B6D6F15C1467100854074 /* CoreFoundation.framework in Frameworks */,
			);
			runOnlyForDeploymentPostprocessing = 0;
		};
/* End PBXFrameworksBuildPhase section */

/* Begin PBXGroup section */
		718C25A719B73FD300B19A36 /* Analytics.framework */ = {
			isa = PBXGroup;
			children = (
				718C25A819B73FEC00B19A36 /* Analytics */,
				718C25A919B73FEC00B19A36 /* Headers */,
			);
			name = Analytics.framework;
			sourceTree = "<group>";
		};
		718C25A919B73FEC00B19A36 /* Headers */ = {
			isa = PBXGroup;
			children = (
				718C25AA19B73FEC00B19A36 /* _MPTweakBindObserver.h */,
				718C25AB19B73FEC00B19A36 /* Amplitude.h */,
				718C25AC19B73FEC00B19A36 /* AmplitudeARCMacros.h */,
				718C25AD19B73FEC00B19A36 /* AmplitudeLocationManagerDelegate.h */,
				718C25AE19B73FEC00B19A36 /* Analytics.h */,
				718C25AF19B73FEC00B19A36 /* AppsFlyerTracker.h */,
				718C25B019B73FEC00B19A36 /* Bugsnag.h */,
				718C25B119B73FEC00B19A36 /* BugsnagConfiguration.h */,
				718C25B219B73FEC00B19A36 /* BugsnagDictionary.h */,
				718C25B319B73FEC00B19A36 /* BugsnagEvent.h */,
				718C25B419B73FEC00B19A36 /* BugsnagIosNotifier.h */,
				718C25B519B73FEC00B19A36 /* BugsnagLogger.h */,
				718C25B619B73FEC00B19A36 /* BugsnagMetaData.h */,
				718C25B719B73FEC00B19A36 /* BugsnagNotifier.h */,
				718C25B819B73FEC00B19A36 /* BugsnagReachability.h */,
				718C25B919B73FEC00B19A36 /* Countly.h */,
				718C25BA19B73FEC00B19A36 /* Countly_OpenUDID.h */,
				718C25BB19B73FEC00B19A36 /* CRFilter.h */,
				718C25BC19B73FEC00B19A36 /* Crittercism.h */,
				718C25BD19B73FEC00B19A36 /* CrittercismDelegate.h */,
				718C25BE19B73FEC00B19A36 /* Flurry.h */,
				718C25BF19B73FEC00B19A36 /* GAI.h */,
				718C25C019B73FEC00B19A36 /* GAIDictionaryBuilder.h */,
				718C25C119B73FEC00B19A36 /* GAIEcommerceFields.h */,
				718C25C219B73FEC00B19A36 /* GAIEcommerceProduct.h */,
				718C25C319B73FEC00B19A36 /* GAIEcommerceProductAction.h */,
				718C25C419B73FEC00B19A36 /* GAIEcommercePromotion.h */,
				718C25C519B73FEC00B19A36 /* GAIFields.h */,
				718C25C619B73FEC00B19A36 /* GAILogger.h */,
				718C25C719B73FEC00B19A36 /* GAITrackedViewController.h */,
				718C25C819B73FEC00B19A36 /* GAITracker.h */,
				718C25C919B73FEC00B19A36 /* LocalyticsConstants.h */,
				718C25CA19B73FEC00B19A36 /* LocalyticsDatabase.h */,
				718C25CB19B73FEC00B19A36 /* LocalyticsDatapointHelper.h */,
				718C25CC19B73FEC00B19A36 /* LocalyticsSession+Private.h */,
				718C25CD19B73FEC00B19A36 /* LocalyticsSession.h */,
				718C25CE19B73FEC00B19A36 /* LocalyticsUploader.h */,
				718C25CF19B73FEC00B19A36 /* LocalyticsUtil.h */,
				718C25D019B73FEC00B19A36 /* Mixpanel.h */,
				718C25D119B73FEC00B19A36 /* MPAbstractABTestDesignerMessage.h */,
				718C25D219B73FEC00B19A36 /* MPABTestDesignerChangeRequestMessage.h */,
				718C25D319B73FEC00B19A36 /* MPABTestDesignerChangeResponseMessage.h */,
				718C25D419B73FEC00B19A36 /* MPABTestDesignerClearRequestMessage.h */,
				718C25D519B73FEC00B19A36 /* MPABTestDesignerClearResponseMessage.h */,
				718C25D619B73FEC00B19A36 /* MPABTestDesignerConnection.h */,
				718C25D719B73FEC00B19A36 /* MPABTestDesignerDeviceInfoRequestMessage.h */,
				718C25D819B73FEC00B19A36 /* MPABTestDesignerDeviceInfoResponseMessage.h */,
				718C25D919B73FEC00B19A36 /* MPABTestDesignerDisconnectMessage.h */,
				718C25DA19B73FEC00B19A36 /* MPABTestDesignerMessage.h */,
				718C25DB19B73FEC00B19A36 /* MPABTestDesignerSnapshotRequestMessage.h */,
				718C25DC19B73FEC00B19A36 /* MPABTestDesignerSnapshotResponseMessage.h */,
				718C25DD19B73FEC00B19A36 /* MPABTestDesignerTweakRequestMessage.h */,
				718C25DE19B73FEC00B19A36 /* MPABTestDesignerTweakResponseMessage.h */,
				718C25DF19B73FEC00B19A36 /* MPApplicationStateSerializer.h */,
				718C25E019B73FEC00B19A36 /* MPClassDescription.h */,
				718C25E119B73FEC00B19A36 /* MPEnumDescription.h */,
				718C25E219B73FEC00B19A36 /* MPNotification.h */,
				718C25E319B73FEC00B19A36 /* MPNotificationViewController.h */,
				718C25E419B73FEC00B19A36 /* MPObjectIdentifierProvider.h */,
				718C25E519B73FEC00B19A36 /* MPObjectIdentityProvider.h */,
				718C25E619B73FEC00B19A36 /* MPObjectSelector.h */,
				718C25E719B73FEC00B19A36 /* MPObjectSerializer.h */,
				718C25E819B73FEC00B19A36 /* MPObjectSerializerConfig.h */,
				718C25E919B73FEC00B19A36 /* MPObjectSerializerContext.h */,
				718C25EA19B73FEC00B19A36 /* MPPropertyDescription.h */,
				718C25EB19B73FEC00B19A36 /* MPSequenceGenerator.h */,
				718C25EC19B73FEC00B19A36 /* MPSurvey.h */,
				718C25ED19B73FEC00B19A36 /* MPSurveyNavigationController.h */,
				718C25EE19B73FEC00B19A36 /* MPSurveyQuestion.h */,
				718C25EF19B73FEC00B19A36 /* MPSurveyQuestionViewController.h */,
				718C25F019B73FEC00B19A36 /* MPSwizzler.h */,
				718C25F119B73FEC00B19A36 /* MPTweak.h */,
				718C25F219B73FEC00B19A36 /* MPTweakInline.h */,
				718C25F319B73FEC00B19A36 /* MPTweakInlineInternal.h */,
				718C25F419B73FEC00B19A36 /* MPTweakStore.h */,
				718C25F519B73FEC00B19A36 /* MPTypeDescription.h */,
				718C25F619B73FEC00B19A36 /* MPValueTransformers.h */,
				718C25F719B73FEC00B19A36 /* MPVariant.h */,
				718C25F819B73FEC00B19A36 /* MPWebSocket.h */,
				718C25F919B73FEC00B19A36 /* NSData+MPBase64.h */,
				718C25FA19B73FEC00B19A36 /* NSInvocation+MPHelpers.h */,
				718C25FB19B73FEC00B19A36 /* Optimizely.h */,
				718C25FC19B73FEC00B19A36 /* OptimizelyCodeBlocksKey.h */,
				718C25FD19B73FEC00B19A36 /* OptimizelyVariableKey.h */,
				718C25FE19B73FEC00B19A36 /* QuantcastDatabase.h */,
				718C25FF19B73FEC00B19A36 /* QuantcastDataManager.h */,
				718C260019B73FEC00B19A36 /* QuantcastEvent.h */,
				718C260119B73FEC00B19A36 /* QuantcastEventLogger.h */,
				718C260219B73FEC00B19A36 /* QuantcastMeasurement+Internal.h */,
				718C260319B73FEC00B19A36 /* QuantcastMeasurement.h */,
				718C260419B73FEC00B19A36 /* QuantcastNetworkReachability.h */,
				718C260519B73FEC00B19A36 /* QuantcastOptOutDelegate.h */,
				718C260619B73FEC00B19A36 /* QuantcastOptOutViewController.h */,
				718C260719B73FEC00B19A36 /* QuantcastParameters.h */,
				718C260819B73FEC00B19A36 /* QuantcastPolicy.h */,
				718C260919B73FEC00B19A36 /* QuantcastUploadManager.h */,
				718C260A19B73FEC00B19A36 /* QuantcastUtils.h */,
				718C260B19B73FEC00B19A36 /* SEGAnalytics.h */,
				718C260C19B73FEC00B19A36 /* TAGContainer.h */,
				718C260D19B73FEC00B19A36 /* TAGContainerOpener.h */,
				718C260E19B73FEC00B19A36 /* TAGDataLayer.h */,
				718C260F19B73FEC00B19A36 /* TAGLogger.h */,
				718C261019B73FEC00B19A36 /* TAGManager.h */,
				718C261119B73FEC00B19A36 /* Taplytics.h */,
				718C261219B73FEC00B19A36 /* TestFlight+AsyncLogging.h */,
				718C261319B73FEC00B19A36 /* TestFlight+ManualSessions.h */,
				718C261419B73FEC00B19A36 /* TestFlight.h */,
				718C261519B73FEC00B19A36 /* TSApi.h */,
				718C261619B73FEC00B19A36 /* TSAppEventSource.h */,
				718C261719B73FEC00B19A36 /* TSAppEventSourceImpl.h */,
				718C261819B73FEC00B19A36 /* TSConfig.h */,
				718C261919B73FEC00B19A36 /* TSCore.h */,
				718C261A19B73FEC00B19A36 /* TSCoreListener.h */,
				718C261B19B73FEC00B19A36 /* TSCoreListenerImpl.h */,
				718C261C19B73FEC00B19A36 /* TSDelegate.h */,
				718C261D19B73FEC00B19A36 /* TSEvent.h */,
				718C261E19B73FEC00B19A36 /* TSHelpers.h */,
				718C261F19B73FEC00B19A36 /* TSHit.h */,
				718C262019B73FEC00B19A36 /* TSLogging.h */,
				718C262119B73FEC00B19A36 /* TSLogLevel.h */,
				718C262219B73FEC00B19A36 /* TSPlatform.h */,
				718C262319B73FEC00B19A36 /* TSPlatformImpl.h */,
				718C262419B73FEC00B19A36 /* TSResponse.h */,
				718C262519B73FEC00B19A36 /* TSTapstream.h */,
				718C262619B73FEC00B19A36 /* TSUtils.h */,
				718C262719B73FEC00B19A36 /* TSWordOfMouthDelegate.h */,
				718C262819B73FEC00B19A36 /* UIColor+MPColor.h */,
				718C262919B73FEC00B19A36 /* UIImage+MPAverageColor.h */,
				718C262A19B73FEC00B19A36 /* UIImage+MPImageEffects.h */,
				718C262B19B73FEC00B19A36 /* UIView+MPSnapshotImage.h */,
			);
			name = Headers;
			path = Analytics.framework/Versions/A/Headers;
			sourceTree = "<group>";
		};
		B31B6D4315C13D5200854074 = {
			isa = PBXGroup;
			children = (
				718C25A719B73FD300B19A36 /* Analytics.framework */,
				B3CC61EF1716ECB500A1A8EF /* segmentio_API.h */,
				B3CC61F01716ECB500A1A8EF /* segmentio_API.m */,
				B3CC61F11716ECB500A1A8EF /* segmentio_EventListener.h */,
				B3CC61F31716ECBB00A1A8EF /* segmentio_EventListener.m */,
				B31B6D5015C13D5200854074 /* Frameworks */,
				B31B6D4F15C13D5200854074 /* Products */,
			);
			sourceTree = "<group>";
		};
		B31B6D4F15C13D5200854074 /* Products */ = {
			isa = PBXGroup;
			children = (
				B31B6D4E15C13D5200854074 /* libForgeModule.a */,
				B31B6D6D15C1467100854074 /* segmentio.bundle */,
			);
			name = Products;
			sourceTree = "<group>";
		};
		B31B6D5015C13D5200854074 /* Frameworks */ = {
			isa = PBXGroup;
			children = (
				B37C3A5C162717A200B50A60 /* ForgeCore.framework */,
				B3FC524715C17B2C003574D9 /* SystemConfiguration.framework */,
				B3FC524115C177EA003574D9 /* AssetsLibrary.framework */,
				B3FC51FE15C1523D003574D9 /* CoreGraphics.framework */,
				B3FC51F715C151E5003574D9 /* UIKit.framework */,
				B31B6D5115C13D5200854074 /* Foundation.framework */,
				B31B6D6E15C1467100854074 /* CoreFoundation.framework */,
			);
			name = Frameworks;
			sourceTree = "<group>";
		};
/* End PBXGroup section */

/* Begin PBXNativeTarget section */
		B31B6D4D15C13D5200854074 /* ForgeModule */ = {
			isa = PBXNativeTarget;
			buildConfigurationList = B31B6D5C15C13D5200854074 /* Build configuration list for PBXNativeTarget "ForgeModule" */;
			buildPhases = (
				B31B6D4A15C13D5200854074 /* Sources */,
				B31B6D4B15C13D5200854074 /* Frameworks */,
			);
			buildRules = (
			);
			dependencies = (
			);
			name = ForgeModule;
			productName = ForgeCore;
			productReference = B31B6D4E15C13D5200854074 /* libForgeModule.a */;
			productType = "com.apple.product-type.library.static";
		};
		B31B6D6C15C1467100854074 /* ForgeModuleResources */ = {
			isa = PBXNativeTarget;
			buildConfigurationList = B31B6D7715C1467100854074 /* Build configuration list for PBXNativeTarget "ForgeModuleResources" */;
			buildPhases = (
				B31B6D6915C1467100854074 /* Sources */,
				B31B6D6A15C1467100854074 /* Frameworks */,
				B31B6D6B15C1467100854074 /* Resources */,
			);
			buildRules = (
			);
			dependencies = (
			);
			name = ForgeModuleResources;
			productName = ForgeCoreResources;
			productReference = B31B6D6D15C1467100854074 /* segmentio.bundle */;
			productType = "com.apple.product-type.bundle";
		};
/* End PBXNativeTarget section */

/* Begin PBXProject section */
		B31B6D4515C13D5200854074 /* Project object */ = {
			isa = PBXProject;
			attributes = {
				LastUpgradeCheck = 0600;
				ORGANIZATIONNAME = "Trigger Corp";
			};
			buildConfigurationList = B31B6D4815C13D5200854074 /* Build configuration list for PBXProject "ForgeModule" */;
			compatibilityVersion = "Xcode 3.2";
			developmentRegion = English;
			hasScannedForEncodings = 0;
			knownRegions = (
				en,
			);
			mainGroup = B31B6D4315C13D5200854074;
			productRefGroup = B31B6D4F15C13D5200854074 /* Products */;
			projectDirPath = "";
			projectRoot = "";
			targets = (
				B31B6D4D15C13D5200854074 /* ForgeModule */,
				B31B6D6C15C1467100854074 /* ForgeModuleResources */,
			);
		};
/* End PBXProject section */

/* Begin PBXResourcesBuildPhase section */
		B31B6D6B15C1467100854074 /* Resources */ = {
			isa = PBXResourcesBuildPhase;
			buildActionMask = 2147483647;
			files = (
			);
			runOnlyForDeploymentPostprocessing = 0;
		};
/* End PBXResourcesBuildPhase section */

/* Begin PBXSourcesBuildPhase section */
		B31B6D4A15C13D5200854074 /* Sources */ = {
			isa = PBXSourcesBuildPhase;
			buildActionMask = 2147483647;
			files = (
				B3CC61F21716ECB500A1A8EF /* segmentio_API.m in Sources */,
				B3CC61F41716ECBB00A1A8EF /* segmentio_EventListener.m in Sources */,
			);
			runOnlyForDeploymentPostprocessing = 0;
		};
		B31B6D6915C1467100854074 /* Sources */ = {
			isa = PBXSourcesBuildPhase;
			buildActionMask = 2147483647;
			files = (
			);
			runOnlyForDeploymentPostprocessing = 0;
		};
/* End PBXSourcesBuildPhase section */

/* Begin XCBuildConfiguration section */
		B31B6D5A15C13D5200854074 /* Debug */ = {
			isa = XCBuildConfiguration;
			buildSettings = {
				ALWAYS_SEARCH_USER_PATHS = YES;
				CLANG_CXX_LANGUAGE_STANDARD = "gnu++0x";
				CLANG_ENABLE_OBJC_ARC = YES;
				CLANG_WARN_BOOL_CONVERSION = YES;
				CLANG_WARN_CONSTANT_CONVERSION = YES;
				CLANG_WARN_EMPTY_BODY = YES;
				CLANG_WARN_ENUM_CONVERSION = YES;
				CLANG_WARN_INT_CONVERSION = YES;
				CLANG_WARN_UNREACHABLE_CODE = YES;
				CLANG_WARN__DUPLICATE_METHOD_MATCH = YES;
				COPY_PHASE_STRIP = NO;
				ENABLE_STRICT_OBJC_MSGSEND = YES;
				GCC_C_LANGUAGE_STANDARD = gnu99;
				GCC_DYNAMIC_NO_PIC = NO;
				GCC_OPTIMIZATION_LEVEL = 0;
				GCC_PREPROCESSOR_DEFINITIONS = (
					"DEBUG=1",
					"$(inherited)",
				);
				GCC_SYMBOLS_PRIVATE_EXTERN = NO;
				GCC_VERSION = com.apple.compilers.llvm.clang.1_0;
				GCC_WARN_64_TO_32_BIT_CONVERSION = YES;
				GCC_WARN_ABOUT_RETURN_TYPE = YES;
				GCC_WARN_UNDECLARED_SELECTOR = YES;
				GCC_WARN_UNINITIALIZED_AUTOS = YES;
				GCC_WARN_UNUSED_FUNCTION = YES;
				GCC_WARN_UNUSED_VARIABLE = YES;
				IPHONEOS_DEPLOYMENT_TARGET = 5.1.1;
				ONLY_ACTIVE_ARCH = YES;
				SDKROOT = iphoneos;
				VALID_ARCHS = "armv7 armv7s i386 arm64";
			};
			name = Debug;
		};
		B31B6D5B15C13D5200854074 /* Release */ = {
			isa = XCBuildConfiguration;
			buildSettings = {
				ALWAYS_SEARCH_USER_PATHS = YES;
				CLANG_CXX_LANGUAGE_STANDARD = "gnu++0x";
				CLANG_ENABLE_OBJC_ARC = YES;
				CLANG_WARN_BOOL_CONVERSION = YES;
				CLANG_WARN_CONSTANT_CONVERSION = YES;
				CLANG_WARN_EMPTY_BODY = YES;
				CLANG_WARN_ENUM_CONVERSION = YES;
				CLANG_WARN_INT_CONVERSION = YES;
				CLANG_WARN_UNREACHABLE_CODE = YES;
				CLANG_WARN__DUPLICATE_METHOD_MATCH = YES;
				COPY_PHASE_STRIP = YES;
				ENABLE_STRICT_OBJC_MSGSEND = YES;
				GCC_C_LANGUAGE_STANDARD = gnu99;
				GCC_VERSION = com.apple.compilers.llvm.clang.1_0;
				GCC_WARN_64_TO_32_BIT_CONVERSION = YES;
				GCC_WARN_ABOUT_RETURN_TYPE = YES;
				GCC_WARN_UNDECLARED_SELECTOR = YES;
				GCC_WARN_UNINITIALIZED_AUTOS = YES;
				GCC_WARN_UNUSED_FUNCTION = YES;
				GCC_WARN_UNUSED_VARIABLE = YES;
				IPHONEOS_DEPLOYMENT_TARGET = 5.1.1;
				SDKROOT = iphoneos;
				VALIDATE_PRODUCT = YES;
				VALID_ARCHS = "armv7 armv7s i386 arm64";
			};
			name = Release;
		};
		B31B6D5D15C13D5200854074 /* Debug */ = {
			isa = XCBuildConfiguration;
			buildSettings = {
				COPY_PHASE_STRIP = NO;
				DEAD_CODE_STRIPPING = NO;
				FRAMEWORK_SEARCH_PATHS = (
					"$(inherited)",
					"\"$(SRCROOT)\"",
					"\"$(SRCROOT)/..\"",
				);
				GCC_PRECOMPILE_PREFIX_HEADER = YES;
				GCC_PREFIX_HEADER = "ForgeModule-Prefix.pch";
				HEADER_SEARCH_PATHS = "./**";
				LIBRARY_SEARCH_PATHS = (
					"$(inherited)",
					"$(PROJECT_DIR)/Analytics.framework/Versions/A",
				);
				OTHER_LDFLAGS = "-ObjC";
				PRODUCT_NAME = "$(TARGET_NAME)";
				SDKROOT = iphoneos;
				SKIP_INSTALL = YES;
				STRIP_STYLE = "non-global";
			};
			name = Debug;
		};
		B31B6D5E15C13D5200854074 /* Release */ = {
			isa = XCBuildConfiguration;
			buildSettings = {
				COPY_PHASE_STRIP = NO;
				DEAD_CODE_STRIPPING = NO;
				FRAMEWORK_SEARCH_PATHS = (
					"$(inherited)",
					"\"$(SRCROOT)\"",
					"\"$(SRCROOT)/..\"",
				);
				GCC_PRECOMPILE_PREFIX_HEADER = YES;
				GCC_PREFIX_HEADER = "ForgeModule-Prefix.pch";
				HEADER_SEARCH_PATHS = "./**";
				LIBRARY_SEARCH_PATHS = (
					"$(inherited)",
					"$(PROJECT_DIR)/Analytics.framework/Versions/A",
				);
				OTHER_LDFLAGS = "-ObjC";
				PRODUCT_NAME = "$(TARGET_NAME)";
				SDKROOT = iphoneos;
				SKIP_INSTALL = YES;
				STRIP_STYLE = "non-global";
			};
			name = Release;
		};
		B31B6D7815C1467100854074 /* Debug */ = {
			isa = XCBuildConfiguration;
			buildSettings = {
				FRAMEWORK_SEARCH_PATHS = (
					"$(inherited)",
					"\"$(SRCROOT)\"",
				);
				GCC_ENABLE_OBJC_EXCEPTIONS = YES;
				GCC_PRECOMPILE_PREFIX_HEADER = YES;
				GCC_PREFIX_HEADER = "";
				GCC_WARN_64_TO_32_BIT_CONVERSION = YES;
				INFOPLIST_FILE = "";
				INSTALL_PATH = "$(LOCAL_LIBRARY_DIR)/Bundles";
				MACOSX_DEPLOYMENT_TARGET = 10.7;
				ONLY_ACTIVE_ARCH = NO;
				PRODUCT_NAME = segmentio;
				SDKROOT = iphoneos;
				WRAPPER_EXTENSION = bundle;
			};
			name = Debug;
		};
		B31B6D7915C1467100854074 /* Release */ = {
			isa = XCBuildConfiguration;
			buildSettings = {
				DEBUG_INFORMATION_FORMAT = "dwarf-with-dsym";
				FRAMEWORK_SEARCH_PATHS = (
					"$(inherited)",
					"\"$(SRCROOT)\"",
				);
				GCC_ENABLE_OBJC_EXCEPTIONS = YES;
				GCC_PRECOMPILE_PREFIX_HEADER = YES;
				GCC_PREFIX_HEADER = "";
				GCC_WARN_64_TO_32_BIT_CONVERSION = YES;
				INFOPLIST_FILE = "";
				INSTALL_PATH = "$(LOCAL_LIBRARY_DIR)/Bundles";
				MACOSX_DEPLOYMENT_TARGET = 10.7;
				ONLY_ACTIVE_ARCH = NO;
				PRODUCT_NAME = segmentio;
				SDKROOT = iphoneos;
				WRAPPER_EXTENSION = bundle;
			};
			name = Release;
		};
/* End XCBuildConfiguration section */

/* Begin XCConfigurationList section */
		B31B6D4815C13D5200854074 /* Build configuration list for PBXProject "ForgeModule" */ = {
			isa = XCConfigurationList;
			buildConfigurations = (
				B31B6D5A15C13D5200854074 /* Debug */,
				B31B6D5B15C13D5200854074 /* Release */,
			);
			defaultConfigurationIsVisible = 0;
			defaultConfigurationName = Release;
		};
		B31B6D5C15C13D5200854074 /* Build configuration list for PBXNativeTarget "ForgeModule" */ = {
			isa = XCConfigurationList;
			buildConfigurations = (
				B31B6D5D15C13D5200854074 /* Debug */,
				B31B6D5E15C13D5200854074 /* Release */,
			);
			defaultConfigurationIsVisible = 0;
			defaultConfigurationName = Release;
		};
		B31B6D7715C1467100854074 /* Build configuration list for PBXNativeTarget "ForgeModuleResources" */ = {
			isa = XCConfigurationList;
			buildConfigurations = (
				B31B6D7815C1467100854074 /* Debug */,
				B31B6D7915C1467100854074 /* Release */,
			);
			defaultConfigurationIsVisible = 0;
			defaultConfigurationName = Release;
		};
/* End XCConfigurationList section */
	};
	rootObject = B31B6D4515C13D5200854074 /* Project object */;
}
